{
  "version": 4,
  "terraform_version": "1.0.1",
  "serial": 37,
  "lineage": "d0d4eb99-f5e3-fdc4-88ab-ab3a472c8140",
  "outputs": {},
  "resources": [
    {
      "module": "module.cluster",
      "mode": "data",
      "type": "aws_eks_cluster",
      "name": "cluster",
      "provider": "provider[\"registry.terraform.io/hashicorp/aws\"]",
      "instances": [
        {
          "schema_version": 0,
          "attributes": {
            "arn": "arn:aws:eks:us-east-1:965699425769:cluster/ym_cluster-development-ym",
            "certificate_authority": [
              {
                "data": "LS0tLS1CRUdJTiBDRVJUSUZJQ0FURS0tLS0tCk1JSUN5RENDQWJDZ0F3SUJBZ0lCQURBTkJna3Foa2lHOXcwQkFRc0ZBREFWTVJNd0VRWURWUVFERXdwcmRXSmwKY201bGRHVnpNQjRYRFRJeE1EY3dOREl5TWpFME5sb1hEVE14TURjd01qSXlNakUwTmxvd0ZURVRNQkVHQTFVRQpBeE1LYTNWaVpYSnVaWFJsY3pDQ0FTSXdEUVlKS29aSWh2Y05BUUVCQlFBRGdnRVBBRENDQVFvQ2dnRUJBT0NLCmt1eFFTaXNYZlBwazJGRVA3eVZZN3ZsNzhUZW9sZFZVU3FoQklqcXRhaElSdnNmSXVpb1dBMnN1RkljT1lDd1cKQnR4ajNmUnNYYWdQTjN6dWlJWDdGaWZrc2RuWjZFUllBNWdzcFZZZEl1L3lWZUJWSmdyMmVDR1FnZHFZS2l4aAplR1hHWmZ4dXFqUFlsNFRzbEFmZGdROER1NGJJZzZSaGxnczBhT0R2SjJJQjV0SjRJTnhrUzVRM0JTc01TeDliClpCTXFTY0NONUhCYTMva0dOcFcwTXo3UmNnem5rOEwzQ0Qzei9IVUk1NWg1T1lEcEV2ay9OVkNkVkFDREl4NlIKaTBzbWFjN0phbVE5clJVZDBZTFhOSXNXb1VSdW95NzRaQVh5Qm5oZWdKTmtaN2pDSmF0emlvazlWcE9veVF1VwpYS2xNOWRUdDRZYlF6S3RKRnlFQ0F3RUFBYU1qTUNFd0RnWURWUjBQQVFIL0JBUURBZ0trTUE4R0ExVWRFd0VCCi93UUZNQU1CQWY4d0RRWUpLb1pJaHZjTkFRRUxCUUFEZ2dFQkFKSUxKKzY2QjJacXJCL05Bay9JQm5mMHdZWFIKRmJtWUtFWU5NZUhNY0UzanpLckhKR21kM1dGME9tcHVad213QldnMVd5ZGZMOVB5TlNjRzBUTXlwZGZPS3c3UApnUlJvTlM2ZWI4dzQ3R1VVZ3NWZnFIQ0M5cGw5YnZXczEveEZyZStJYS9MNzU2VDRlSG5OTkI1SnlMZUNxWTV3CmtmWlJEN1JubC9MRlBBT05ha2tKclg1ZzRpTkZmMlcwdXMxc2lWd3llR3lZM21xRDRaVGhNSHZBSGMvKzkyMk0Kb244TnZtclFOK0F2REVZS2ZoN2crSnR5WTFQdXB3NCtWWGxKYUNzcnkvUEJXazNUNk9XNm5BT0p4cUQ3My9YVgpGVUdQa1BMMkF5UmlHTEdjYXRtdFhFNHZFdEJ3N0lKRm1GUXFKdEN4a25rZUhZZVVlTk5WZ1A3QWtYaz0KLS0tLS1FTkQgQ0VSVElGSUNBVEUtLS0tLQo="
              }
            ],
            "created_at": "2021-07-04 22:15:55.575 +0000 UTC",
            "enabled_cluster_log_types": [],
            "endpoint": "https://27F2D1E3FF18CAB241DA7CD5B577AB03.gr7.us-east-1.eks.amazonaws.com",
            "id": "ym_cluster-development-ym",
            "identity": [
              {
                "oidc": [
                  {
                    "issuer": "https://oidc.eks.us-east-1.amazonaws.com/id/27F2D1E3FF18CAB241DA7CD5B577AB03"
                  }
                ]
              }
            ],
            "kubernetes_network_config": [
              {
                "service_ipv4_cidr": "172.20.0.0/16"
              }
            ],
            "name": "ym_cluster-development-ym",
            "platform_version": "eks.8",
            "role_arn": "arn:aws:iam::965699425769:role/ym_cluster-development-ym20210704221503610200000002",
            "status": "ACTIVE",
            "tags": {},
            "version": "1.17",
            "vpc_config": [
              {
                "cluster_security_group_id": "sg-0774aa42ae1d0ef1f",
                "endpoint_private_access": true,
                "endpoint_public_access": true,
                "public_access_cidrs": [
                  "0.0.0.0/0"
                ],
                "security_group_ids": [
                  "sg-0a91b05b05ef13427"
                ],
                "subnet_ids": [
                  "subnet-034f0a49136e575b9",
                  "subnet-07104d6e8ed797558"
                ],
                "vpc_id": "vpc-0afac51dce563894e"
              }
            ]
          },
          "sensitive_attributes": []
        }
      ]
    },
    {
      "module": "module.cluster",
      "mode": "data",
      "type": "aws_eks_cluster_auth",
      "name": "cluster",
      "provider": "provider[\"registry.terraform.io/hashicorp/aws\"]",
      "instances": [
        {
          "schema_version": 0,
          "attributes": {
            "id": "ym_cluster-development-ym",
            "name": "ym_cluster-development-ym",
            "token": "k8s-aws-v1.aHR0cHM6Ly9zdHMuYW1hem9uYXdzLmNvbS8_QWN0aW9uPUdldENhbGxlcklkZW50aXR5JlZlcnNpb249MjAxMS0wNi0xNSZYLUFtei1BbGdvcml0aG09QVdTNC1ITUFDLVNIQTI1NiZYLUFtei1DcmVkZW50aWFsPUFLSUE2QldCTDJYVTdQTldUR0xPJTJGMjAyMTA3MDQlMkZ1cy1lYXN0LTElMkZzdHMlMkZhd3M0X3JlcXVlc3QmWC1BbXotRGF0ZT0yMDIxMDcwNFQyMjI2MDZaJlgtQW16LUV4cGlyZXM9MCZYLUFtei1TaWduZWRIZWFkZXJzPWhvc3QlM0J4LWs4cy1hd3MtaWQmWC1BbXotU2lnbmF0dXJlPTg2MTk1NmZiNGRlMGY5YjYzMzU1YzMyYzg1M2Q5ZWQ1OWQ1YjY5MjI4YmQwNjMyMGFmMTg1NzRlNTRiNTYwZDQ"
          },
          "sensitive_attributes": []
        }
      ]
    },
    {
      "module": "module.cluster.module.eks",
      "mode": "data",
      "type": "aws_caller_identity",
      "name": "current",
      "provider": "provider[\"registry.terraform.io/hashicorp/aws\"]",
      "instances": [
        {
          "schema_version": 0,
          "attributes": {
            "account_id": "965699425769",
            "arn": "arn:aws:iam::965699425769:user/cloud_user",
            "id": "965699425769",
            "user_id": "AIDA6BWBL2XUV3HUFWCTK"
          },
          "sensitive_attributes": []
        }
      ]
    },
    {
      "module": "module.cluster.module.eks",
      "mode": "data",
      "type": "aws_iam_policy_document",
      "name": "cluster_assume_role_policy",
      "provider": "provider[\"registry.terraform.io/hashicorp/aws\"]",
      "instances": [
        {
          "schema_version": 0,
          "attributes": {
            "id": "2764486067",
            "json": "{\n  \"Version\": \"2012-10-17\",\n  \"Statement\": [\n    {\n      \"Sid\": \"EKSClusterAssumeRole\",\n      \"Effect\": \"Allow\",\n      \"Action\": \"sts:AssumeRole\",\n      \"Principal\": {\n        \"Service\": \"eks.amazonaws.com\"\n      }\n    }\n  ]\n}",
            "override_json": null,
            "override_policy_documents": null,
            "policy_id": null,
            "source_json": null,
            "source_policy_documents": null,
            "statement": [
              {
                "actions": [
                  "sts:AssumeRole"
                ],
                "condition": [],
                "effect": "Allow",
                "not_actions": [],
                "not_principals": [],
                "not_resources": [],
                "principals": [
                  {
                    "identifiers": [
                      "eks.amazonaws.com"
                    ],
                    "type": "Service"
                  }
                ],
                "resources": [],
                "sid": "EKSClusterAssumeRole"
              }
            ],
            "version": "2012-10-17"
          },
          "sensitive_attributes": []
        }
      ]
    },
    {
      "module": "module.cluster.module.eks",
      "mode": "data",
      "type": "aws_iam_policy_document",
      "name": "cluster_elb_sl_role_creation",
      "provider": "provider[\"registry.terraform.io/hashicorp/aws\"]",
      "instances": [
        {
          "index_key": 0,
          "schema_version": 0,
          "attributes": {
            "id": "3709839417",
            "json": "{\n  \"Version\": \"2012-10-17\",\n  \"Statement\": [\n    {\n      \"Sid\": \"\",\n      \"Effect\": \"Allow\",\n      \"Action\": [\n        \"ec2:DescribeInternetGateways\",\n        \"ec2:DescribeAddresses\",\n        \"ec2:DescribeAccountAttributes\"\n      ],\n      \"Resource\": \"*\"\n    }\n  ]\n}",
            "override_json": null,
            "override_policy_documents": null,
            "policy_id": null,
            "source_json": null,
            "source_policy_documents": null,
            "statement": [
              {
                "actions": [
                  "ec2:DescribeAccountAttributes",
                  "ec2:DescribeAddresses",
                  "ec2:DescribeInternetGateways"
                ],
                "condition": [],
                "effect": "Allow",
                "not_actions": [],
                "not_principals": [],
                "not_resources": [],
                "principals": [],
                "resources": [
                  "*"
                ],
                "sid": ""
              }
            ],
            "version": "2012-10-17"
          },
          "sensitive_attributes": []
        }
      ]
    },
    {
      "module": "module.cluster.module.eks",
      "mode": "data",
      "type": "aws_iam_policy_document",
      "name": "workers_assume_role_policy",
      "provider": "provider[\"registry.terraform.io/hashicorp/aws\"]",
      "instances": [
        {
          "schema_version": 0,
          "attributes": {
            "id": "3778018924",
            "json": "{\n  \"Version\": \"2012-10-17\",\n  \"Statement\": [\n    {\n      \"Sid\": \"EKSWorkerAssumeRole\",\n      \"Effect\": \"Allow\",\n      \"Action\": \"sts:AssumeRole\",\n      \"Principal\": {\n        \"Service\": \"ec2.amazonaws.com\"\n      }\n    }\n  ]\n}",
            "override_json": null,
            "override_policy_documents": null,
            "policy_id": null,
            "source_json": null,
            "source_policy_documents": null,
            "statement": [
              {
                "actions": [
                  "sts:AssumeRole"
                ],
                "condition": [],
                "effect": "Allow",
                "not_actions": [],
                "not_principals": [],
                "not_resources": [],
                "principals": [
                  {
                    "identifiers": [
                      "ec2.amazonaws.com"
                    ],
                    "type": "Service"
                  }
                ],
                "resources": [],
                "sid": "EKSWorkerAssumeRole"
              }
            ],
            "version": "2012-10-17"
          },
          "sensitive_attributes": []
        }
      ]
    },
    {
      "module": "module.cluster.module.eks",
      "mode": "data",
      "type": "aws_partition",
      "name": "current",
      "provider": "provider[\"registry.terraform.io/hashicorp/aws\"]",
      "instances": [
        {
          "schema_version": 0,
          "attributes": {
            "dns_suffix": "amazonaws.com",
            "id": "aws",
            "partition": "aws",
            "reverse_dns_prefix": "com.amazonaws"
          },
          "sensitive_attributes": []
        }
      ]
    },
    {
      "module": "module.cluster.module.eks",
      "mode": "data",
      "type": "http",
      "name": "wait_for_cluster",
      "provider": "provider[\"registry.terraform.io/terraform-aws-modules/http\"]",
      "instances": [
        {
          "index_key": 0,
          "schema_version": 0,
          "attributes": {
            "body": "ok",
            "ca_certificate": "-----BEGIN CERTIFICATE-----\nMIICyDCCAbCgAwIBAgIBADANBgkqhkiG9w0BAQsFADAVMRMwEQYDVQQDEwprdWJl\ncm5ldGVzMB4XDTIxMDcwNDIyMjE0NloXDTMxMDcwMjIyMjE0NlowFTETMBEGA1UE\nAxMKa3ViZXJuZXRlczCCASIwDQYJKoZIhvcNAQEBBQADggEPADCCAQoCggEBAOCK\nkuxQSisXfPpk2FEP7yVY7vl78TeoldVUSqhBIjqtahIRvsfIuioWA2suFIcOYCwW\nBtxj3fRsXagPN3zuiIX7FifksdnZ6ERYA5gspVYdIu/yVeBVJgr2eCGQgdqYKixh\neGXGZfxuqjPYl4TslAfdgQ8Du4bIg6Rhlgs0aODvJ2IB5tJ4INxkS5Q3BSsMSx9b\nZBMqScCN5HBa3/kGNpW0Mz7Rcgznk8L3CD3z/HUI55h5OYDpEvk/NVCdVACDIx6R\ni0smac7JamQ9rRUd0YLXNIsWoURuoy74ZAXyBnhegJNkZ7jCJatziok9VpOoyQuW\nXKlM9dTt4YbQzKtJFyECAwEAAaMjMCEwDgYDVR0PAQH/BAQDAgKkMA8GA1UdEwEB\n/wQFMAMBAf8wDQYJKoZIhvcNAQELBQADggEBAJILJ+66B2ZqrB/NAk/IBnf0wYXR\nFbmYKEYNMeHMcE3jzKrHJGmd3WF0OmpuZwmwBWg1WydfL9PyNScG0TMypdfOKw7P\ngRRoNS6eb8w47GUUgsVfqHCC9pl9bvWs1/xFre+Ia/L756T4eHnNNB5JyLeCqY5w\nkfZRD7Rnl/LFPAONakkJrX5g4iNFf2W0us1siVwyeGyY3mqD4ZThMHvAHc/+922M\non8NvmrQN+AvDEYKfh7g+JtyY1Pupw4+VXlJaCsry/PBWk3T6OW6nAOJxqD73/XV\nFUGPkPL2AyRiGLGcatmtXE4vEtBw7IJFmFQqJtCxknkeHYeUeNNVgP7AkXk=\n-----END CERTIFICATE-----\n",
            "id": "https://27F2D1E3FF18CAB241DA7CD5B577AB03.gr7.us-east-1.eks.amazonaws.com/healthz",
            "insecure": false,
            "request_headers": null,
            "response_headers": {
              "Cache-Control": "no-cache, private",
              "Content-Length": "2",
              "Content-Type": "text/plain; charset=utf-8",
              "Date": "Sun, 04 Jul 2021 22:26:06 GMT",
              "X-Content-Type-Options": "nosniff"
            },
            "timeout": 300,
            "url": "https://27F2D1E3FF18CAB241DA7CD5B577AB03.gr7.us-east-1.eks.amazonaws.com/healthz"
          },
          "sensitive_attributes": []
        }
      ]
    },
    {
      "module": "module.cluster.module.eks",
      "mode": "managed",
      "type": "aws_eks_cluster",
      "name": "this",
      "provider": "provider[\"registry.terraform.io/hashicorp/aws\"]",
      "instances": [
        {
          "index_key": 0,
          "schema_version": 0,
          "attributes": {
            "arn": "arn:aws:eks:us-east-1:965699425769:cluster/ym_cluster-development-ym",
            "certificate_authority": [
              {
                "data": "LS0tLS1CRUdJTiBDRVJUSUZJQ0FURS0tLS0tCk1JSUN5RENDQWJDZ0F3SUJBZ0lCQURBTkJna3Foa2lHOXcwQkFRc0ZBREFWTVJNd0VRWURWUVFERXdwcmRXSmwKY201bGRHVnpNQjRYRFRJeE1EY3dOREl5TWpFME5sb1hEVE14TURjd01qSXlNakUwTmxvd0ZURVRNQkVHQTFVRQpBeE1LYTNWaVpYSnVaWFJsY3pDQ0FTSXdEUVlKS29aSWh2Y05BUUVCQlFBRGdnRVBBRENDQVFvQ2dnRUJBT0NLCmt1eFFTaXNYZlBwazJGRVA3eVZZN3ZsNzhUZW9sZFZVU3FoQklqcXRhaElSdnNmSXVpb1dBMnN1RkljT1lDd1cKQnR4ajNmUnNYYWdQTjN6dWlJWDdGaWZrc2RuWjZFUllBNWdzcFZZZEl1L3lWZUJWSmdyMmVDR1FnZHFZS2l4aAplR1hHWmZ4dXFqUFlsNFRzbEFmZGdROER1NGJJZzZSaGxnczBhT0R2SjJJQjV0SjRJTnhrUzVRM0JTc01TeDliClpCTXFTY0NONUhCYTMva0dOcFcwTXo3UmNnem5rOEwzQ0Qzei9IVUk1NWg1T1lEcEV2ay9OVkNkVkFDREl4NlIKaTBzbWFjN0phbVE5clJVZDBZTFhOSXNXb1VSdW95NzRaQVh5Qm5oZWdKTmtaN2pDSmF0emlvazlWcE9veVF1VwpYS2xNOWRUdDRZYlF6S3RKRnlFQ0F3RUFBYU1qTUNFd0RnWURWUjBQQVFIL0JBUURBZ0trTUE4R0ExVWRFd0VCCi93UUZNQU1CQWY4d0RRWUpLb1pJaHZjTkFRRUxCUUFEZ2dFQkFKSUxKKzY2QjJacXJCL05Bay9JQm5mMHdZWFIKRmJtWUtFWU5NZUhNY0UzanpLckhKR21kM1dGME9tcHVad213QldnMVd5ZGZMOVB5TlNjRzBUTXlwZGZPS3c3UApnUlJvTlM2ZWI4dzQ3R1VVZ3NWZnFIQ0M5cGw5YnZXczEveEZyZStJYS9MNzU2VDRlSG5OTkI1SnlMZUNxWTV3CmtmWlJEN1JubC9MRlBBT05ha2tKclg1ZzRpTkZmMlcwdXMxc2lWd3llR3lZM21xRDRaVGhNSHZBSGMvKzkyMk0Kb244TnZtclFOK0F2REVZS2ZoN2crSnR5WTFQdXB3NCtWWGxKYUNzcnkvUEJXazNUNk9XNm5BT0p4cUQ3My9YVgpGVUdQa1BMMkF5UmlHTEdjYXRtdFhFNHZFdEJ3N0lKRm1GUXFKdEN4a25rZUhZZVVlTk5WZ1A3QWtYaz0KLS0tLS1FTkQgQ0VSVElGSUNBVEUtLS0tLQo="
              }
            ],
            "created_at": "2021-07-04 22:15:55.575 +0000 UTC",
            "enabled_cluster_log_types": null,
            "encryption_config": [],
            "endpoint": "https://27F2D1E3FF18CAB241DA7CD5B577AB03.gr7.us-east-1.eks.amazonaws.com",
            "id": "ym_cluster-development-ym",
            "identity": [
              {
                "oidc": [
                  {
                    "issuer": "https://oidc.eks.us-east-1.amazonaws.com/id/27F2D1E3FF18CAB241DA7CD5B577AB03"
                  }
                ]
              }
            ],
            "kubernetes_network_config": [
              {
                "service_ipv4_cidr": "172.20.0.0/16"
              }
            ],
            "name": "ym_cluster-development-ym",
            "platform_version": "eks.8",
            "role_arn": "arn:aws:iam::965699425769:role/ym_cluster-development-ym20210704221503610200000002",
            "status": "ACTIVE",
            "tags": null,
            "tags_all": {},
            "timeouts": {
              "create": "30m",
              "delete": "15m",
              "update": null
            },
            "version": "1.17",
            "vpc_config": [
              {
                "cluster_security_group_id": "sg-0774aa42ae1d0ef1f",
                "endpoint_private_access": true,
                "endpoint_public_access": true,
                "public_access_cidrs": [
                  "0.0.0.0/0"
                ],
                "security_group_ids": [
                  "sg-0a91b05b05ef13427"
                ],
                "subnet_ids": [
                  "subnet-034f0a49136e575b9",
                  "subnet-07104d6e8ed797558"
                ],
                "vpc_id": "vpc-0afac51dce563894e"
              }
            ]
          },
          "sensitive_attributes": [],
          "private": "eyJlMmJmYjczMC1lY2FhLTExZTYtOGY4OC0zNDM2M2JjN2M0YzAiOnsiY3JlYXRlIjoxODAwMDAwMDAwMDAwLCJkZWxldGUiOjkwMDAwMDAwMDAwMCwidXBkYXRlIjozNjAwMDAwMDAwMDAwfX0=",
          "dependencies": [
            "module.cluster.module.eks.aws_cloudwatch_log_group.this",
            "module.cluster.module.eks.aws_iam_role.cluster",
            "module.cluster.module.eks.aws_iam_role_policy_attachment.cluster_AmazonEKSClusterPolicy",
            "module.cluster.module.eks.aws_iam_role_policy_attachment.cluster_AmazonEKSServicePolicy",
            "module.cluster.module.eks.aws_iam_role_policy_attachment.cluster_AmazonEKSVPCResourceControllerPolicy",
            "module.cluster.module.eks.aws_security_group.cluster",
            "module.cluster.module.eks.aws_security_group.workers",
            "module.cluster.module.eks.aws_security_group_rule.cluster_egress_internet",
            "module.cluster.module.eks.aws_security_group_rule.cluster_https_worker_ingress",
            "module.cluster.module.eks.data.aws_iam_policy_document.cluster_assume_role_policy",
            "module.cluster.module.eks.data.aws_iam_role.custom_cluster_iam_role",
            "module.cluster.module.eks.data.aws_partition.current",
            "module.vpc.aws_subnet.private_subnet-1",
            "module.vpc.aws_subnet.public_subnet-1",
            "module.vpc.aws_vpc.vpc_network"
          ],
          "create_before_destroy": true
        }
      ]
    },
    {
      "module": "module.cluster.module.eks",
      "mode": "managed",
      "type": "aws_iam_policy",
      "name": "cluster_elb_sl_role_creation",
      "provider": "provider[\"registry.terraform.io/hashicorp/aws\"]",
      "instances": [
        {
          "index_key": 0,
          "schema_version": 0,
          "attributes": {
            "arn": "arn:aws:iam::965699425769:policy/ym_cluster-development-ym-elb-sl-role-creation20210704221503610000000001",
            "description": "Permissions for EKS to create AWSServiceRoleForElasticLoadBalancing service-linked role",
            "id": "arn:aws:iam::965699425769:policy/ym_cluster-development-ym-elb-sl-role-creation20210704221503610000000001",
            "name": "ym_cluster-development-ym-elb-sl-role-creation20210704221503610000000001",
            "name_prefix": "ym_cluster-development-ym-elb-sl-role-creation",
            "path": "/",
            "policy": "{\n  \"Version\": \"2012-10-17\",\n  \"Statement\": [\n    {\n      \"Sid\": \"\",\n      \"Effect\": \"Allow\",\n      \"Action\": [\n        \"ec2:DescribeInternetGateways\",\n        \"ec2:DescribeAddresses\",\n        \"ec2:DescribeAccountAttributes\"\n      ],\n      \"Resource\": \"*\"\n    }\n  ]\n}",
            "policy_id": "ANPA6BWBL2XUQXOEJXN5J",
            "tags": null,
            "tags_all": {}
          },
          "sensitive_attributes": [],
          "private": "bnVsbA==",
          "dependencies": [
            "module.cluster.module.eks.data.aws_iam_policy_document.cluster_elb_sl_role_creation"
          ]
        }
      ]
    },
    {
      "module": "module.cluster.module.eks",
      "mode": "managed",
      "type": "aws_iam_role",
      "name": "cluster",
      "provider": "provider[\"registry.terraform.io/hashicorp/aws\"]",
      "instances": [
        {
          "index_key": 0,
          "schema_version": 0,
          "attributes": {
            "arn": "arn:aws:iam::965699425769:role/ym_cluster-development-ym20210704221503610200000002",
            "assume_role_policy": "{\"Version\":\"2012-10-17\",\"Statement\":[{\"Sid\":\"EKSClusterAssumeRole\",\"Effect\":\"Allow\",\"Principal\":{\"Service\":\"eks.amazonaws.com\"},\"Action\":\"sts:AssumeRole\"}]}",
            "create_date": "2021-07-04T22:15:04Z",
            "description": "",
            "force_detach_policies": true,
            "id": "ym_cluster-development-ym20210704221503610200000002",
            "inline_policy": [
              {
                "name": "",
                "policy": ""
              }
            ],
            "managed_policy_arns": [],
            "max_session_duration": 3600,
            "name": "ym_cluster-development-ym20210704221503610200000002",
            "name_prefix": "ym_cluster-development-ym",
            "path": "/",
            "permissions_boundary": null,
            "tags": null,
            "tags_all": {},
            "unique_id": "AROA6BWBL2XUZIQDAWBGB"
          },
          "sensitive_attributes": [],
          "private": "bnVsbA==",
          "dependencies": [
            "module.cluster.module.eks.data.aws_iam_policy_document.cluster_assume_role_policy"
          ],
          "create_before_destroy": true
        }
      ]
    },
    {
      "module": "module.cluster.module.eks",
      "mode": "managed",
      "type": "aws_iam_role",
      "name": "workers",
      "provider": "provider[\"registry.terraform.io/hashicorp/aws\"]",
      "instances": [
        {
          "index_key": 0,
          "schema_version": 0,
          "attributes": {
            "arn": "arn:aws:iam::965699425769:role/ym_cluster-development-ym20210704222605294600000009",
            "assume_role_policy": "{\"Version\":\"2012-10-17\",\"Statement\":[{\"Sid\":\"EKSWorkerAssumeRole\",\"Effect\":\"Allow\",\"Principal\":{\"Service\":\"ec2.amazonaws.com\"},\"Action\":\"sts:AssumeRole\"}]}",
            "create_date": "2021-07-04T22:26:06Z",
            "description": "",
            "force_detach_policies": true,
            "id": "ym_cluster-development-ym20210704222605294600000009",
            "inline_policy": [
              {
                "name": "",
                "policy": ""
              }
            ],
            "managed_policy_arns": [],
            "max_session_duration": 3600,
            "name": "ym_cluster-development-ym20210704222605294600000009",
            "name_prefix": "ym_cluster-development-ym",
            "path": "/",
            "permissions_boundary": null,
            "tags": null,
            "tags_all": {},
            "unique_id": "AROA6BWBL2XUXWYYN7WVK"
          },
          "sensitive_attributes": [],
          "private": "bnVsbA==",
          "dependencies": [
            "module.cluster.module.eks.aws_cloudwatch_log_group.this",
            "module.cluster.module.eks.aws_eks_cluster.this",
            "module.cluster.module.eks.aws_iam_role.cluster",
            "module.cluster.module.eks.aws_iam_role_policy_attachment.cluster_AmazonEKSClusterPolicy",
            "module.cluster.module.eks.aws_iam_role_policy_attachment.cluster_AmazonEKSServicePolicy",
            "module.cluster.module.eks.aws_iam_role_policy_attachment.cluster_AmazonEKSVPCResourceControllerPolicy",
            "module.cluster.module.eks.aws_security_group.cluster",
            "module.cluster.module.eks.aws_security_group.workers",
            "module.cluster.module.eks.aws_security_group_rule.cluster_egress_internet",
            "module.cluster.module.eks.aws_security_group_rule.cluster_https_worker_ingress",
            "module.cluster.module.eks.data.aws_iam_policy_document.cluster_assume_role_policy",
            "module.cluster.module.eks.data.aws_iam_policy_document.workers_assume_role_policy",
            "module.cluster.module.eks.data.aws_iam_role.custom_cluster_iam_role",
            "module.cluster.module.eks.data.aws_partition.current",
            "module.vpc.aws_subnet.private_subnet-1",
            "module.vpc.aws_subnet.public_subnet-1",
            "module.vpc.aws_vpc.vpc_network"
          ],
          "create_before_destroy": true
        }
      ]
    },
    {
      "module": "module.cluster.module.eks",
      "mode": "managed",
      "type": "aws_iam_role_policy_attachment",
      "name": "cluster_AmazonEKSClusterPolicy",
      "provider": "provider[\"registry.terraform.io/hashicorp/aws\"]",
      "instances": [
        {
          "index_key": 0,
          "schema_version": 0,
          "attributes": {
            "id": "ym_cluster-development-ym20210704221503610200000002-20210704221511521900000005",
            "policy_arn": "arn:aws:iam::aws:policy/AmazonEKSClusterPolicy",
            "role": "ym_cluster-development-ym20210704221503610200000002"
          },
          "sensitive_attributes": [],
          "private": "bnVsbA==",
          "dependencies": [
            "module.cluster.module.eks.aws_iam_role.cluster",
            "module.cluster.module.eks.data.aws_iam_policy_document.cluster_assume_role_policy",
            "module.cluster.module.eks.data.aws_partition.current"
          ],
          "create_before_destroy": true
        }
      ]
    },
    {
      "module": "module.cluster.module.eks",
      "mode": "managed",
      "type": "aws_iam_role_policy_attachment",
      "name": "cluster_AmazonEKSServicePolicy",
      "provider": "provider[\"registry.terraform.io/hashicorp/aws\"]",
      "instances": [
        {
          "index_key": 0,
          "schema_version": 0,
          "attributes": {
            "id": "ym_cluster-development-ym20210704221503610200000002-20210704221510536400000003",
            "policy_arn": "arn:aws:iam::aws:policy/AmazonEKSServicePolicy",
            "role": "ym_cluster-development-ym20210704221503610200000002"
          },
          "sensitive_attributes": [],
          "private": "bnVsbA==",
          "dependencies": [
            "module.cluster.module.eks.aws_iam_role.cluster",
            "module.cluster.module.eks.data.aws_iam_policy_document.cluster_assume_role_policy",
            "module.cluster.module.eks.data.aws_partition.current"
          ],
          "create_before_destroy": true
        }
      ]
    },
    {
      "module": "module.cluster.module.eks",
      "mode": "managed",
      "type": "aws_iam_role_policy_attachment",
      "name": "cluster_AmazonEKSVPCResourceControllerPolicy",
      "provider": "provider[\"registry.terraform.io/hashicorp/aws\"]",
      "instances": [
        {
          "index_key": 0,
          "schema_version": 0,
          "attributes": {
            "id": "ym_cluster-development-ym20210704221503610200000002-20210704221513501400000006",
            "policy_arn": "arn:aws:iam::aws:policy/AmazonEKSVPCResourceController",
            "role": "ym_cluster-development-ym20210704221503610200000002"
          },
          "sensitive_attributes": [],
          "private": "bnVsbA==",
          "dependencies": [
            "module.cluster.module.eks.aws_iam_role.cluster",
            "module.cluster.module.eks.data.aws_iam_policy_document.cluster_assume_role_policy",
            "module.cluster.module.eks.data.aws_partition.current"
          ],
          "create_before_destroy": true
        }
      ]
    },
    {
      "module": "module.cluster.module.eks",
      "mode": "managed",
      "type": "aws_iam_role_policy_attachment",
      "name": "cluster_elb_sl_role_creation",
      "provider": "provider[\"registry.terraform.io/hashicorp/aws\"]",
      "instances": [
        {
          "index_key": 0,
          "schema_version": 0,
          "attributes": {
            "id": "ym_cluster-development-ym20210704221503610200000002-20210704221510542900000004",
            "policy_arn": "arn:aws:iam::965699425769:policy/ym_cluster-development-ym-elb-sl-role-creation20210704221503610000000001",
            "role": "ym_cluster-development-ym20210704221503610200000002"
          },
          "sensitive_attributes": [],
          "private": "bnVsbA==",
          "dependencies": [
            "module.cluster.module.eks.aws_iam_policy.cluster_elb_sl_role_creation",
            "module.cluster.module.eks.aws_iam_role.cluster",
            "module.cluster.module.eks.data.aws_iam_policy_document.cluster_assume_role_policy",
            "module.cluster.module.eks.data.aws_iam_policy_document.cluster_elb_sl_role_creation"
          ]
        }
      ]
    },
    {
      "module": "module.cluster.module.eks",
      "mode": "managed",
      "type": "aws_iam_role_policy_attachment",
      "name": "workers_AmazonEC2ContainerRegistryReadOnly",
      "provider": "provider[\"registry.terraform.io/hashicorp/aws\"]",
      "instances": [
        {
          "index_key": 0,
          "schema_version": 0,
          "attributes": {
            "id": "ym_cluster-development-ym20210704222605294600000009-2021070422261261080000000b",
            "policy_arn": "arn:aws:iam::aws:policy/AmazonEC2ContainerRegistryReadOnly",
            "role": "ym_cluster-development-ym20210704222605294600000009"
          },
          "sensitive_attributes": [],
          "private": "bnVsbA==",
          "dependencies": [
            "module.cluster.module.eks.aws_cloudwatch_log_group.this",
            "module.cluster.module.eks.aws_eks_cluster.this",
            "module.cluster.module.eks.aws_iam_role.cluster",
            "module.cluster.module.eks.aws_iam_role.workers",
            "module.cluster.module.eks.aws_iam_role_policy_attachment.cluster_AmazonEKSClusterPolicy",
            "module.cluster.module.eks.aws_iam_role_policy_attachment.cluster_AmazonEKSServicePolicy",
            "module.cluster.module.eks.aws_iam_role_policy_attachment.cluster_AmazonEKSVPCResourceControllerPolicy",
            "module.cluster.module.eks.aws_security_group.cluster",
            "module.cluster.module.eks.aws_security_group.workers",
            "module.cluster.module.eks.aws_security_group_rule.cluster_egress_internet",
            "module.cluster.module.eks.aws_security_group_rule.cluster_https_worker_ingress",
            "module.cluster.module.eks.data.aws_iam_policy_document.cluster_assume_role_policy",
            "module.cluster.module.eks.data.aws_iam_policy_document.workers_assume_role_policy",
            "module.cluster.module.eks.data.aws_iam_role.custom_cluster_iam_role",
            "module.cluster.module.eks.data.aws_partition.current",
            "module.vpc.aws_subnet.private_subnet-1",
            "module.vpc.aws_subnet.public_subnet-1",
            "module.vpc.aws_vpc.vpc_network"
          ],
          "create_before_destroy": true
        }
      ]
    },
    {
      "module": "module.cluster.module.eks",
      "mode": "managed",
      "type": "aws_iam_role_policy_attachment",
      "name": "workers_AmazonEKSWorkerNodePolicy",
      "provider": "provider[\"registry.terraform.io/hashicorp/aws\"]",
      "instances": [
        {
          "index_key": 0,
          "schema_version": 0,
          "attributes": {
            "id": "ym_cluster-development-ym20210704222605294600000009-2021070422261261080000000a",
            "policy_arn": "arn:aws:iam::aws:policy/AmazonEKSWorkerNodePolicy",
            "role": "ym_cluster-development-ym20210704222605294600000009"
          },
          "sensitive_attributes": [],
          "private": "bnVsbA==",
          "dependencies": [
            "module.cluster.module.eks.aws_cloudwatch_log_group.this",
            "module.cluster.module.eks.aws_eks_cluster.this",
            "module.cluster.module.eks.aws_iam_role.cluster",
            "module.cluster.module.eks.aws_iam_role.workers",
            "module.cluster.module.eks.aws_iam_role_policy_attachment.cluster_AmazonEKSClusterPolicy",
            "module.cluster.module.eks.aws_iam_role_policy_attachment.cluster_AmazonEKSServicePolicy",
            "module.cluster.module.eks.aws_iam_role_policy_attachment.cluster_AmazonEKSVPCResourceControllerPolicy",
            "module.cluster.module.eks.aws_security_group.cluster",
            "module.cluster.module.eks.aws_security_group.workers",
            "module.cluster.module.eks.aws_security_group_rule.cluster_egress_internet",
            "module.cluster.module.eks.aws_security_group_rule.cluster_https_worker_ingress",
            "module.cluster.module.eks.data.aws_iam_policy_document.cluster_assume_role_policy",
            "module.cluster.module.eks.data.aws_iam_policy_document.workers_assume_role_policy",
            "module.cluster.module.eks.data.aws_iam_role.custom_cluster_iam_role",
            "module.cluster.module.eks.data.aws_partition.current",
            "module.vpc.aws_subnet.private_subnet-1",
            "module.vpc.aws_subnet.public_subnet-1",
            "module.vpc.aws_vpc.vpc_network"
          ],
          "create_before_destroy": true
        }
      ]
    },
    {
      "module": "module.cluster.module.eks",
      "mode": "managed",
      "type": "aws_iam_role_policy_attachment",
      "name": "workers_AmazonEKS_CNI_Policy",
      "provider": "provider[\"registry.terraform.io/hashicorp/aws\"]",
      "instances": [
        {
          "index_key": 0,
          "schema_version": 0,
          "attributes": {
            "id": "ym_cluster-development-ym20210704222605294600000009-2021070422261359970000000c",
            "policy_arn": "arn:aws:iam::aws:policy/AmazonEKS_CNI_Policy",
            "role": "ym_cluster-development-ym20210704222605294600000009"
          },
          "sensitive_attributes": [],
          "private": "bnVsbA==",
          "dependencies": [
            "module.cluster.module.eks.aws_cloudwatch_log_group.this",
            "module.cluster.module.eks.aws_eks_cluster.this",
            "module.cluster.module.eks.aws_iam_role.cluster",
            "module.cluster.module.eks.aws_iam_role.workers",
            "module.cluster.module.eks.aws_iam_role_policy_attachment.cluster_AmazonEKSClusterPolicy",
            "module.cluster.module.eks.aws_iam_role_policy_attachment.cluster_AmazonEKSServicePolicy",
            "module.cluster.module.eks.aws_iam_role_policy_attachment.cluster_AmazonEKSVPCResourceControllerPolicy",
            "module.cluster.module.eks.aws_security_group.cluster",
            "module.cluster.module.eks.aws_security_group.workers",
            "module.cluster.module.eks.aws_security_group_rule.cluster_egress_internet",
            "module.cluster.module.eks.aws_security_group_rule.cluster_https_worker_ingress",
            "module.cluster.module.eks.data.aws_iam_policy_document.cluster_assume_role_policy",
            "module.cluster.module.eks.data.aws_iam_policy_document.workers_assume_role_policy",
            "module.cluster.module.eks.data.aws_iam_role.custom_cluster_iam_role",
            "module.cluster.module.eks.data.aws_partition.current",
            "module.vpc.aws_subnet.private_subnet-1",
            "module.vpc.aws_subnet.public_subnet-1",
            "module.vpc.aws_vpc.vpc_network"
          ],
          "create_before_destroy": true
        }
      ]
    },
    {
      "module": "module.cluster.module.eks",
      "mode": "managed",
      "type": "aws_security_group",
      "name": "cluster",
      "provider": "provider[\"registry.terraform.io/hashicorp/aws\"]",
      "instances": [
        {
          "index_key": 0,
          "schema_version": 1,
          "attributes": {
            "arn": "arn:aws:ec2:us-east-1:965699425769:security-group/sg-0a91b05b05ef13427",
            "description": "EKS cluster security group.",
            "egress": [],
            "id": "sg-0a91b05b05ef13427",
            "ingress": [],
            "name": "ym_cluster-development-ym20210704221534189000000007",
            "name_prefix": "ym_cluster-development-ym",
            "owner_id": "965699425769",
            "revoke_rules_on_delete": false,
            "tags": {
              "Name": "ym_cluster-development-ym-eks_cluster_sg"
            },
            "tags_all": {
              "Name": "ym_cluster-development-ym-eks_cluster_sg"
            },
            "timeouts": null,
            "vpc_id": "vpc-0afac51dce563894e"
          },
          "sensitive_attributes": [],
          "private": "eyJlMmJmYjczMC1lY2FhLTExZTYtOGY4OC0zNDM2M2JjN2M0YzAiOnsiY3JlYXRlIjo2MDAwMDAwMDAwMDAsImRlbGV0ZSI6OTAwMDAwMDAwMDAwfSwic2NoZW1hX3ZlcnNpb24iOiIxIn0=",
          "dependencies": [
            "module.vpc.aws_vpc.vpc_network"
          ],
          "create_before_destroy": true
        }
      ]
    },
    {
      "module": "module.cluster.module.eks",
      "mode": "managed",
      "type": "aws_security_group",
      "name": "workers",
      "provider": "provider[\"registry.terraform.io/hashicorp/aws\"]",
      "instances": [
        {
          "index_key": 0,
          "schema_version": 1,
          "attributes": {
            "arn": "arn:aws:ec2:us-east-1:965699425769:security-group/sg-0b7d0dab7ba1f638e",
            "description": "Security group for all nodes in the cluster.",
            "egress": [],
            "id": "sg-0b7d0dab7ba1f638e",
            "ingress": [],
            "name": "ym_cluster-development-ym20210704221534191000000008",
            "name_prefix": "ym_cluster-development-ym",
            "owner_id": "965699425769",
            "revoke_rules_on_delete": false,
            "tags": {
              "Name": "ym_cluster-development-ym-eks_worker_sg",
              "kubernetes.io/cluster/ym_cluster-development-ym": "owned"
            },
            "tags_all": {
              "Name": "ym_cluster-development-ym-eks_worker_sg",
              "kubernetes.io/cluster/ym_cluster-development-ym": "owned"
            },
            "timeouts": null,
            "vpc_id": "vpc-0afac51dce563894e"
          },
          "sensitive_attributes": [],
          "private": "eyJlMmJmYjczMC1lY2FhLTExZTYtOGY4OC0zNDM2M2JjN2M0YzAiOnsiY3JlYXRlIjo2MDAwMDAwMDAwMDAsImRlbGV0ZSI6OTAwMDAwMDAwMDAwfSwic2NoZW1hX3ZlcnNpb24iOiIxIn0=",
          "dependencies": [
            "module.vpc.aws_vpc.vpc_network"
          ],
          "create_before_destroy": true
        }
      ]
    },
    {
      "module": "module.cluster.module.eks",
      "mode": "managed",
      "type": "aws_security_group_rule",
      "name": "cluster_egress_internet",
      "provider": "provider[\"registry.terraform.io/hashicorp/aws\"]",
      "instances": [
        {
          "index_key": 0,
          "schema_version": 2,
          "attributes": {
            "cidr_blocks": [
              "0.0.0.0/0"
            ],
            "description": "Allow cluster egress access to the Internet.",
            "from_port": 0,
            "id": "sgrule-1195009384",
            "ipv6_cidr_blocks": null,
            "prefix_list_ids": null,
            "protocol": "-1",
            "security_group_id": "sg-0a91b05b05ef13427",
            "self": false,
            "source_security_group_id": null,
            "to_port": 0,
            "type": "egress"
          },
          "sensitive_attributes": [],
          "private": "eyJzY2hlbWFfdmVyc2lvbiI6IjIifQ==",
          "dependencies": [
            "module.cluster.module.eks.aws_security_group.cluster",
            "module.vpc.aws_vpc.vpc_network"
          ],
          "create_before_destroy": true
        }
      ]
    },
    {
      "module": "module.cluster.module.eks",
      "mode": "managed",
      "type": "aws_security_group_rule",
      "name": "cluster_https_worker_ingress",
      "provider": "provider[\"registry.terraform.io/hashicorp/aws\"]",
      "instances": [
        {
          "index_key": 0,
          "schema_version": 2,
          "attributes": {
            "cidr_blocks": null,
            "description": "Allow pods to communicate with the EKS cluster API.",
            "from_port": 443,
            "id": "sgrule-221505838",
            "ipv6_cidr_blocks": null,
            "prefix_list_ids": null,
            "protocol": "tcp",
            "security_group_id": "sg-0a91b05b05ef13427",
            "self": false,
            "source_security_group_id": "sg-0b7d0dab7ba1f638e",
            "to_port": 443,
            "type": "ingress"
          },
          "sensitive_attributes": [],
          "private": "eyJzY2hlbWFfdmVyc2lvbiI6IjIifQ==",
          "dependencies": [
            "module.cluster.module.eks.aws_security_group.cluster",
            "module.cluster.module.eks.aws_security_group.workers",
            "module.vpc.aws_vpc.vpc_network"
          ],
          "create_before_destroy": true
        }
      ]
    },
    {
      "module": "module.cluster.module.eks",
      "mode": "managed",
      "type": "aws_security_group_rule",
      "name": "workers_egress_internet",
      "provider": "provider[\"registry.terraform.io/hashicorp/aws\"]",
      "instances": [
        {
          "index_key": 0,
          "schema_version": 2,
          "attributes": {
            "cidr_blocks": [
              "0.0.0.0/0"
            ],
            "description": "Allow nodes all egress to the Internet.",
            "from_port": 0,
            "id": "sgrule-2651152469",
            "ipv6_cidr_blocks": null,
            "prefix_list_ids": null,
            "protocol": "-1",
            "security_group_id": "sg-0b7d0dab7ba1f638e",
            "self": false,
            "source_security_group_id": null,
            "to_port": 0,
            "type": "egress"
          },
          "sensitive_attributes": [],
          "private": "eyJzY2hlbWFfdmVyc2lvbiI6IjIifQ==",
          "dependencies": [
            "module.cluster.module.eks.aws_security_group.workers",
            "module.vpc.aws_vpc.vpc_network"
          ]
        }
      ]
    },
    {
      "module": "module.cluster.module.eks",
      "mode": "managed",
      "type": "aws_security_group_rule",
      "name": "workers_ingress_cluster",
      "provider": "provider[\"registry.terraform.io/hashicorp/aws\"]",
      "instances": [
        {
          "index_key": 0,
          "schema_version": 2,
          "attributes": {
            "cidr_blocks": null,
            "description": "Allow workers pods to receive communication from the cluster control plane.",
            "from_port": 1025,
            "id": "sgrule-3813007657",
            "ipv6_cidr_blocks": null,
            "prefix_list_ids": null,
            "protocol": "tcp",
            "security_group_id": "sg-0b7d0dab7ba1f638e",
            "self": false,
            "source_security_group_id": "sg-0a91b05b05ef13427",
            "to_port": 65535,
            "type": "ingress"
          },
          "sensitive_attributes": [],
          "private": "eyJzY2hlbWFfdmVyc2lvbiI6IjIifQ==",
          "dependencies": [
            "module.cluster.module.eks.aws_security_group.cluster",
            "module.cluster.module.eks.aws_security_group.workers",
            "module.vpc.aws_vpc.vpc_network"
          ]
        }
      ]
    },
    {
      "module": "module.cluster.module.eks",
      "mode": "managed",
      "type": "aws_security_group_rule",
      "name": "workers_ingress_cluster_https",
      "provider": "provider[\"registry.terraform.io/hashicorp/aws\"]",
      "instances": [
        {
          "index_key": 0,
          "schema_version": 2,
          "attributes": {
            "cidr_blocks": null,
            "description": "Allow pods running extension API servers on port 443 to receive communication from cluster control plane.",
            "from_port": 443,
            "id": "sgrule-1942004204",
            "ipv6_cidr_blocks": null,
            "prefix_list_ids": null,
            "protocol": "tcp",
            "security_group_id": "sg-0b7d0dab7ba1f638e",
            "self": false,
            "source_security_group_id": "sg-0a91b05b05ef13427",
            "to_port": 443,
            "type": "ingress"
          },
          "sensitive_attributes": [],
          "private": "eyJzY2hlbWFfdmVyc2lvbiI6IjIifQ==",
          "dependencies": [
            "module.cluster.module.eks.aws_security_group.cluster",
            "module.cluster.module.eks.aws_security_group.workers",
            "module.vpc.aws_vpc.vpc_network"
          ]
        }
      ]
    },
    {
      "module": "module.cluster.module.eks",
      "mode": "managed",
      "type": "aws_security_group_rule",
      "name": "workers_ingress_self",
      "provider": "provider[\"registry.terraform.io/hashicorp/aws\"]",
      "instances": [
        {
          "index_key": 0,
          "schema_version": 2,
          "attributes": {
            "cidr_blocks": null,
            "description": "Allow node to communicate with each other.",
            "from_port": 0,
            "id": "sgrule-3422376733",
            "ipv6_cidr_blocks": null,
            "prefix_list_ids": null,
            "protocol": "-1",
            "security_group_id": "sg-0b7d0dab7ba1f638e",
            "self": false,
            "source_security_group_id": "sg-0b7d0dab7ba1f638e",
            "to_port": 65535,
            "type": "ingress"
          },
          "sensitive_attributes": [],
          "private": "eyJzY2hlbWFfdmVyc2lvbiI6IjIifQ==",
          "dependencies": [
            "module.cluster.module.eks.aws_security_group.workers",
            "module.vpc.aws_vpc.vpc_network"
          ]
        }
      ]
    },
    {
      "module": "module.cluster.module.eks",
      "mode": "managed",
      "type": "kubernetes_config_map",
      "name": "aws_auth",
      "provider": "module.cluster.provider[\"registry.terraform.io/hashicorp/kubernetes\"]",
      "instances": [
        {
          "index_key": 0,
          "schema_version": 0,
          "attributes": {
            "binary_data": null,
            "data": {
              "mapAccounts": "[]\n",
              "mapRoles": "- \"groups\":\n  - \"system:bootstrappers\"\n  - \"system:nodes\"\n  \"rolearn\": \"arn:aws:iam::965699425769:role/ym_cluster-development-ym20210704222605294600000009\"\n  \"username\": \"system:node:{{EC2PrivateDNSName}}\"\n",
              "mapUsers": "[]\n"
            },
            "id": "kube-system/aws-auth",
            "metadata": [
              {
                "annotations": null,
                "generate_name": "",
                "generation": 0,
                "labels": {
                  "app.kubernetes.io/managed-by": "Terraform",
                  "terraform.io/module": "terraform-aws-modules.eks.aws"
                },
                "name": "aws-auth",
                "namespace": "kube-system",
                "resource_version": "774",
                "uid": "a089659e-3a66-4777-8917-f33061534fd8"
              }
            ]
          },
          "sensitive_attributes": [],
          "private": "bnVsbA==",
          "dependencies": [
            "module.cluster.data.aws_eks_cluster.cluster",
            "module.cluster.data.aws_eks_cluster_auth.cluster",
            "module.cluster.module.eks.aws_cloudwatch_log_group.this",
            "module.cluster.module.eks.aws_eks_cluster.this",
            "module.cluster.module.eks.aws_iam_instance_profile.workers",
            "module.cluster.module.eks.aws_iam_instance_profile.workers_launch_template",
            "module.cluster.module.eks.aws_iam_role.cluster",
            "module.cluster.module.eks.aws_iam_role.workers",
            "module.cluster.module.eks.aws_iam_role_policy_attachment.cluster_AmazonEKSClusterPolicy",
            "module.cluster.module.eks.aws_iam_role_policy_attachment.cluster_AmazonEKSServicePolicy",
            "module.cluster.module.eks.aws_iam_role_policy_attachment.cluster_AmazonEKSVPCResourceControllerPolicy",
            "module.cluster.module.eks.aws_security_group.cluster",
            "module.cluster.module.eks.aws_security_group.workers",
            "module.cluster.module.eks.aws_security_group_rule.cluster_egress_internet",
            "module.cluster.module.eks.aws_security_group_rule.cluster_https_worker_ingress",
            "module.cluster.module.eks.aws_security_group_rule.cluster_private_access_cidrs_source",
            "module.cluster.module.eks.aws_security_group_rule.cluster_private_access_sg_source",
            "module.cluster.module.eks.data.aws_ami.eks_worker",
            "module.cluster.module.eks.data.aws_ami.eks_worker_windows",
            "module.cluster.module.eks.data.aws_caller_identity.current",
            "module.cluster.module.eks.data.aws_iam_instance_profile.custom_worker_group_iam_instance_profile",
            "module.cluster.module.eks.data.aws_iam_instance_profile.custom_worker_group_launch_template_iam_instance_profile",
            "module.cluster.module.eks.data.aws_iam_policy_document.cluster_assume_role_policy",
            "module.cluster.module.eks.data.aws_iam_policy_document.workers_assume_role_policy",
            "module.cluster.module.eks.data.aws_iam_role.custom_cluster_iam_role",
            "module.cluster.module.eks.data.aws_partition.current",
            "module.cluster.module.eks.data.http.wait_for_cluster",
            "module.cluster.module.eks.module.fargate.aws_iam_role.eks_fargate_pod",
            "module.cluster.module.eks.module.fargate.data.aws_iam_role.custom_fargate_iam_role",
            "module.vpc.aws_subnet.private_subnet-1",
            "module.vpc.aws_subnet.public_subnet-1",
            "module.vpc.aws_vpc.vpc_network"
          ],
          "create_before_destroy": true
        }
      ]
    },
    {
      "module": "module.cluster.module.eks",
      "mode": "managed",
      "type": "local_file",
      "name": "kubeconfig",
      "provider": "provider[\"registry.terraform.io/hashicorp/local\"]",
      "instances": [
        {
          "index_key": 0,
          "schema_version": 0,
          "attributes": {
            "content": "apiVersion: v1\npreferences: {}\nkind: Config\n\nclusters:\n- cluster:\n    server: https://27F2D1E3FF18CAB241DA7CD5B577AB03.gr7.us-east-1.eks.amazonaws.com\n    certificate-authority-data: LS0tLS1CRUdJTiBDRVJUSUZJQ0FURS0tLS0tCk1JSUN5RENDQWJDZ0F3SUJBZ0lCQURBTkJna3Foa2lHOXcwQkFRc0ZBREFWTVJNd0VRWURWUVFERXdwcmRXSmwKY201bGRHVnpNQjRYRFRJeE1EY3dOREl5TWpFME5sb1hEVE14TURjd01qSXlNakUwTmxvd0ZURVRNQkVHQTFVRQpBeE1LYTNWaVpYSnVaWFJsY3pDQ0FTSXdEUVlKS29aSWh2Y05BUUVCQlFBRGdnRVBBRENDQVFvQ2dnRUJBT0NLCmt1eFFTaXNYZlBwazJGRVA3eVZZN3ZsNzhUZW9sZFZVU3FoQklqcXRhaElSdnNmSXVpb1dBMnN1RkljT1lDd1cKQnR4ajNmUnNYYWdQTjN6dWlJWDdGaWZrc2RuWjZFUllBNWdzcFZZZEl1L3lWZUJWSmdyMmVDR1FnZHFZS2l4aAplR1hHWmZ4dXFqUFlsNFRzbEFmZGdROER1NGJJZzZSaGxnczBhT0R2SjJJQjV0SjRJTnhrUzVRM0JTc01TeDliClpCTXFTY0NONUhCYTMva0dOcFcwTXo3UmNnem5rOEwzQ0Qzei9IVUk1NWg1T1lEcEV2ay9OVkNkVkFDREl4NlIKaTBzbWFjN0phbVE5clJVZDBZTFhOSXNXb1VSdW95NzRaQVh5Qm5oZWdKTmtaN2pDSmF0emlvazlWcE9veVF1VwpYS2xNOWRUdDRZYlF6S3RKRnlFQ0F3RUFBYU1qTUNFd0RnWURWUjBQQVFIL0JBUURBZ0trTUE4R0ExVWRFd0VCCi93UUZNQU1CQWY4d0RRWUpLb1pJaHZjTkFRRUxCUUFEZ2dFQkFKSUxKKzY2QjJacXJCL05Bay9JQm5mMHdZWFIKRmJtWUtFWU5NZUhNY0UzanpLckhKR21kM1dGME9tcHVad213QldnMVd5ZGZMOVB5TlNjRzBUTXlwZGZPS3c3UApnUlJvTlM2ZWI4dzQ3R1VVZ3NWZnFIQ0M5cGw5YnZXczEveEZyZStJYS9MNzU2VDRlSG5OTkI1SnlMZUNxWTV3CmtmWlJEN1JubC9MRlBBT05ha2tKclg1ZzRpTkZmMlcwdXMxc2lWd3llR3lZM21xRDRaVGhNSHZBSGMvKzkyMk0Kb244TnZtclFOK0F2REVZS2ZoN2crSnR5WTFQdXB3NCtWWGxKYUNzcnkvUEJXazNUNk9XNm5BT0p4cUQ3My9YVgpGVUdQa1BMMkF5UmlHTEdjYXRtdFhFNHZFdEJ3N0lKRm1GUXFKdEN4a25rZUhZZVVlTk5WZ1A3QWtYaz0KLS0tLS1FTkQgQ0VSVElGSUNBVEUtLS0tLQo=\n  name: eks_ym_cluster-development-ym\n\ncontexts:\n- context:\n    cluster: eks_ym_cluster-development-ym\n    user: eks_ym_cluster-development-ym\n  name: eks_ym_cluster-development-ym\n\ncurrent-context: eks_ym_cluster-development-ym\n\nusers:\n- name: eks_ym_cluster-development-ym\n  user:\n    exec:\n      apiVersion: client.authentication.k8s.io/v1alpha1\n      command: aws-iam-authenticator\n      args:\n        - \"token\"\n        - \"-i\"\n        - \"ym_cluster-development-ym\"\n",
            "content_base64": null,
            "directory_permission": "0755",
            "file_permission": "0600",
            "filename": "./kubeconfig_ym_cluster-development-ym",
            "id": "0a2ea8b339661338d78592fb4dba024e54b67853",
            "sensitive_content": null,
            "source": null
          },
          "sensitive_attributes": [],
          "private": "bnVsbA==",
          "dependencies": [
            "module.cluster.module.eks.aws_cloudwatch_log_group.this",
            "module.cluster.module.eks.aws_eks_cluster.this",
            "module.cluster.module.eks.aws_iam_role.cluster",
            "module.cluster.module.eks.aws_iam_role_policy_attachment.cluster_AmazonEKSClusterPolicy",
            "module.cluster.module.eks.aws_iam_role_policy_attachment.cluster_AmazonEKSServicePolicy",
            "module.cluster.module.eks.aws_iam_role_policy_attachment.cluster_AmazonEKSVPCResourceControllerPolicy",
            "module.cluster.module.eks.aws_security_group.cluster",
            "module.cluster.module.eks.aws_security_group.workers",
            "module.cluster.module.eks.aws_security_group_rule.cluster_egress_internet",
            "module.cluster.module.eks.aws_security_group_rule.cluster_https_worker_ingress",
            "module.cluster.module.eks.data.aws_iam_policy_document.cluster_assume_role_policy",
            "module.cluster.module.eks.data.aws_iam_role.custom_cluster_iam_role",
            "module.cluster.module.eks.data.aws_partition.current",
            "module.vpc.aws_subnet.private_subnet-1",
            "module.vpc.aws_subnet.public_subnet-1",
            "module.vpc.aws_vpc.vpc_network"
          ]
        }
      ]
    },
    {
      "module": "module.cluster.module.eks.module.node_groups",
      "mode": "managed",
      "type": "aws_eks_node_group",
      "name": "workers",
      "provider": "provider[\"registry.terraform.io/hashicorp/aws\"]",
      "instances": [
        {
          "index_key": "0",
          "schema_version": 0,
          "attributes": {
            "ami_type": "AL2_x86_64",
            "arn": "arn:aws:eks:us-east-1:965699425769:nodegroup/ym_cluster-development-ym/ym_cluster-development-ym-02021070422262767350000000d/70bd39d0-a6d4-2a91-fc29-d9d7384608ae",
            "capacity_type": "ON_DEMAND",
            "cluster_name": "ym_cluster-development-ym",
            "disk_size": 20,
            "force_update_version": null,
            "id": "ym_cluster-development-ym:ym_cluster-development-ym-02021070422262767350000000d",
            "instance_types": [
              "t2.large"
            ],
            "labels": {
              "environment": "development",
              "name": "eks-node-development-ym",
              "node": "ng1",
              "subnet_type": "private"
            },
            "launch_template": [],
            "node_group_name": "ym_cluster-development-ym-02021070422262767350000000d",
            "node_group_name_prefix": "ym_cluster-development-ym-0",
            "node_role_arn": "arn:aws:iam::965699425769:role/ym_cluster-development-ym20210704222605294600000009",
            "release_version": "1.17.12-20210628",
            "remote_access": [],
            "resources": [
              {
                "autoscaling_groups": [
                  {
                    "name": "eks-70bd39d0-a6d4-2a91-fc29-d9d7384608ae"
                  }
                ],
                "remote_access_security_group_id": ""
              }
            ],
            "scaling_config": [
              {
                "desired_size": 1,
                "max_size": 2,
                "min_size": 1
              }
            ],
            "status": "ACTIVE",
            "subnet_ids": [
              "subnet-034f0a49136e575b9",
              "subnet-07104d6e8ed797558"
            ],
            "tags": null,
            "tags_all": {},
            "taint": [],
            "timeouts": null,
            "version": "1.17"
          },
          "sensitive_attributes": [],
          "private": "eyJlMmJmYjczMC1lY2FhLTExZTYtOGY4OC0zNDM2M2JjN2M0YzAiOnsiY3JlYXRlIjozNjAwMDAwMDAwMDAwLCJkZWxldGUiOjM2MDAwMDAwMDAwMDAsInVwZGF0ZSI6MzYwMDAwMDAwMDAwMH19",
          "dependencies": [
            "module.cluster.data.aws_eks_cluster.cluster",
            "module.cluster.data.aws_eks_cluster_auth.cluster",
            "module.cluster.module.eks.aws_cloudwatch_log_group.this",
            "module.cluster.module.eks.aws_eks_cluster.this",
            "module.cluster.module.eks.aws_iam_instance_profile.workers",
            "module.cluster.module.eks.aws_iam_instance_profile.workers_launch_template",
            "module.cluster.module.eks.aws_iam_role.cluster",
            "module.cluster.module.eks.aws_iam_role.workers",
            "module.cluster.module.eks.aws_iam_role_policy_attachment.cluster_AmazonEKSClusterPolicy",
            "module.cluster.module.eks.aws_iam_role_policy_attachment.cluster_AmazonEKSServicePolicy",
            "module.cluster.module.eks.aws_iam_role_policy_attachment.cluster_AmazonEKSVPCResourceControllerPolicy",
            "module.cluster.module.eks.aws_iam_role_policy_attachment.workers_AmazonEC2ContainerRegistryReadOnly",
            "module.cluster.module.eks.aws_iam_role_policy_attachment.workers_AmazonEKSWorkerNodePolicy",
            "module.cluster.module.eks.aws_iam_role_policy_attachment.workers_AmazonEKS_CNI_Policy",
            "module.cluster.module.eks.aws_security_group.cluster",
            "module.cluster.module.eks.aws_security_group.workers",
            "module.cluster.module.eks.aws_security_group_rule.cluster_egress_internet",
            "module.cluster.module.eks.aws_security_group_rule.cluster_https_worker_ingress",
            "module.cluster.module.eks.aws_security_group_rule.cluster_private_access_cidrs_source",
            "module.cluster.module.eks.aws_security_group_rule.cluster_private_access_sg_source",
            "module.cluster.module.eks.data.aws_ami.eks_worker",
            "module.cluster.module.eks.data.aws_ami.eks_worker_windows",
            "module.cluster.module.eks.data.aws_caller_identity.current",
            "module.cluster.module.eks.data.aws_iam_instance_profile.custom_worker_group_iam_instance_profile",
            "module.cluster.module.eks.data.aws_iam_instance_profile.custom_worker_group_launch_template_iam_instance_profile",
            "module.cluster.module.eks.data.aws_iam_policy_document.cluster_assume_role_policy",
            "module.cluster.module.eks.data.aws_iam_policy_document.workers_assume_role_policy",
            "module.cluster.module.eks.data.aws_iam_role.custom_cluster_iam_role",
            "module.cluster.module.eks.data.aws_partition.current",
            "module.cluster.module.eks.data.http.wait_for_cluster",
            "module.cluster.module.eks.kubernetes_config_map.aws_auth",
            "module.cluster.module.eks.module.fargate.aws_iam_role.eks_fargate_pod",
            "module.cluster.module.eks.module.fargate.data.aws_iam_role.custom_fargate_iam_role",
            "module.cluster.module.eks.module.node_groups.aws_launch_template.workers",
            "module.vpc.aws_subnet.private_subnet-1",
            "module.vpc.aws_subnet.public_subnet-1",
            "module.vpc.aws_vpc.vpc_network"
          ],
          "create_before_destroy": true
        }
      ]
    },
    {
      "module": "module.ecr",
      "mode": "managed",
      "type": "aws_ecr_repository",
      "name": "ecr",
      "provider": "provider[\"registry.terraform.io/hashicorp/aws\"]",
      "instances": [
        {
          "schema_version": 0,
          "attributes": {
            "arn": "arn:aws:ecr:us-east-1:965699425769:repository/ym-app",
            "encryption_configuration": [
              {
                "encryption_type": "AES256",
                "kms_key": ""
              }
            ],
            "id": "ym-app",
            "image_scanning_configuration": [
              {
                "scan_on_push": true
              }
            ],
            "image_tag_mutability": "MUTABLE",
            "name": "ym-app",
            "registry_id": "965699425769",
            "repository_url": "965699425769.dkr.ecr.us-east-1.amazonaws.com/ym-app",
            "tags": null,
            "tags_all": {},
            "timeouts": null
          },
          "sensitive_attributes": [],
          "private": "eyJlMmJmYjczMC1lY2FhLTExZTYtOGY4OC0zNDM2M2JjN2M0YzAiOnsiZGVsZXRlIjoxMjAwMDAwMDAwMDAwfX0="
        }
      ]
    },
    {
      "module": "module.vpc",
      "mode": "managed",
      "type": "aws_eip",
      "name": "nat_gateway_eip",
      "provider": "provider[\"registry.terraform.io/hashicorp/aws\"]",
      "instances": [
        {
          "schema_version": 0,
          "attributes": {
            "address": null,
            "allocation_id": null,
            "associate_with_private_ip": null,
            "association_id": "",
            "carrier_ip": "",
            "customer_owned_ip": "",
            "customer_owned_ipv4_pool": "",
            "domain": "vpc",
            "id": "eipalloc-0de8dead04d4b94ec",
            "instance": "",
            "network_border_group": "us-east-1",
            "network_interface": "",
            "private_dns": null,
            "private_ip": "",
            "public_dns": "ec2-54-88-97-240.compute-1.amazonaws.com",
            "public_ip": "54.88.97.240",
            "public_ipv4_pool": "amazon",
            "tags": {
              "Name": "nat_gateway_eip-development-ym"
            },
            "tags_all": {
              "Name": "nat_gateway_eip-development-ym"
            },
            "timeouts": null,
            "vpc": true
          },
          "sensitive_attributes": [],
          "private": "eyJlMmJmYjczMC1lY2FhLTExZTYtOGY4OC0zNDM2M2JjN2M0YzAiOnsiZGVsZXRlIjoxODAwMDAwMDAwMDAsInJlYWQiOjkwMDAwMDAwMDAwMCwidXBkYXRlIjozMDAwMDAwMDAwMDB9fQ==",
          "dependencies": [
            "module.vpc.aws_internet_gateway.internet_gateway",
            "module.vpc.aws_route_table.internet_gateway_route",
            "module.vpc.aws_route_table_association.internet_gateway_route_association",
            "module.vpc.aws_subnet.private_subnet-1",
            "module.vpc.aws_subnet.public_subnet-1",
            "module.vpc.aws_vpc.vpc_network"
          ]
        }
      ]
    },
    {
      "module": "module.vpc",
      "mode": "managed",
      "type": "aws_internet_gateway",
      "name": "internet_gateway",
      "provider": "provider[\"registry.terraform.io/hashicorp/aws\"]",
      "instances": [
        {
          "schema_version": 0,
          "attributes": {
            "arn": "arn:aws:ec2:us-east-1:965699425769:internet-gateway/igw-08533652dc023975d",
            "id": "igw-08533652dc023975d",
            "owner_id": "965699425769",
            "tags": {
              "Name": "internet_gateway-development-ym"
            },
            "tags_all": {
              "Name": "internet_gateway-development-ym"
            },
            "vpc_id": "vpc-0afac51dce563894e"
          },
          "sensitive_attributes": [],
          "private": "bnVsbA==",
          "dependencies": [
            "module.vpc.aws_subnet.private_subnet-1",
            "module.vpc.aws_subnet.public_subnet-1",
            "module.vpc.aws_vpc.vpc_network"
          ]
        }
      ]
    },
    {
      "module": "module.vpc",
      "mode": "managed",
      "type": "aws_nat_gateway",
      "name": "nat_gateway",
      "provider": "provider[\"registry.terraform.io/hashicorp/aws\"]",
      "instances": [
        {
          "schema_version": 0,
          "attributes": {
            "allocation_id": "eipalloc-0de8dead04d4b94ec",
            "connectivity_type": "public",
            "id": "nat-0454cdde886c1d0cd",
            "network_interface_id": "eni-08a8498ad7c07c1d3",
            "private_ip": "10.0.1.165",
            "public_ip": "54.88.97.240",
            "subnet_id": "subnet-034f0a49136e575b9",
            "tags": {
              "Name": "nat_gateway-development-ym"
            },
            "tags_all": {
              "Name": "nat_gateway-development-ym"
            }
          },
          "sensitive_attributes": [],
          "private": "bnVsbA==",
          "dependencies": [
            "module.vpc.aws_eip.nat_gateway_eip",
            "module.vpc.aws_internet_gateway.internet_gateway",
            "module.vpc.aws_route_table.internet_gateway_route",
            "module.vpc.aws_route_table_association.internet_gateway_route_association",
            "module.vpc.aws_subnet.private_subnet-1",
            "module.vpc.aws_subnet.public_subnet-1",
            "module.vpc.aws_vpc.vpc_network"
          ]
        }
      ]
    },
    {
      "module": "module.vpc",
      "mode": "managed",
      "type": "aws_route_table",
      "name": "internet_gateway_route",
      "provider": "provider[\"registry.terraform.io/hashicorp/aws\"]",
      "instances": [
        {
          "schema_version": 0,
          "attributes": {
            "arn": "arn:aws:ec2:us-east-1:965699425769:route-table/rtb-0491172f5cfdbf8ed",
            "id": "rtb-0491172f5cfdbf8ed",
            "owner_id": "965699425769",
            "propagating_vgws": [],
            "route": [
              {
                "carrier_gateway_id": "",
                "cidr_block": "0.0.0.0/0",
                "destination_prefix_list_id": "",
                "egress_only_gateway_id": "",
                "gateway_id": "igw-08533652dc023975d",
                "instance_id": "",
                "ipv6_cidr_block": "",
                "local_gateway_id": "",
                "nat_gateway_id": "",
                "network_interface_id": "",
                "transit_gateway_id": "",
                "vpc_endpoint_id": "",
                "vpc_peering_connection_id": ""
              }
            ],
            "tags": {
              "Name": "internet_gateway_route-development-ym"
            },
            "tags_all": {
              "Name": "internet_gateway_route-development-ym"
            },
            "vpc_id": "vpc-0afac51dce563894e"
          },
          "sensitive_attributes": [],
          "private": "bnVsbA==",
          "dependencies": [
            "module.vpc.aws_internet_gateway.internet_gateway",
            "module.vpc.aws_subnet.private_subnet-1",
            "module.vpc.aws_subnet.public_subnet-1",
            "module.vpc.aws_vpc.vpc_network"
          ]
        }
      ]
    },
    {
      "module": "module.vpc",
      "mode": "managed",
      "type": "aws_route_table",
      "name": "nat_gateway_route",
      "provider": "provider[\"registry.terraform.io/hashicorp/aws\"]",
      "instances": [
        {
          "schema_version": 0,
          "attributes": {
            "arn": "arn:aws:ec2:us-east-1:965699425769:route-table/rtb-025480e4d9e689270",
            "id": "rtb-025480e4d9e689270",
            "owner_id": "965699425769",
            "propagating_vgws": [],
            "route": [
              {
                "carrier_gateway_id": "",
                "cidr_block": "0.0.0.0/0",
                "destination_prefix_list_id": "",
                "egress_only_gateway_id": "",
                "gateway_id": "",
                "instance_id": "",
                "ipv6_cidr_block": "",
                "local_gateway_id": "",
                "nat_gateway_id": "nat-0454cdde886c1d0cd",
                "network_interface_id": "",
                "transit_gateway_id": "",
                "vpc_endpoint_id": "",
                "vpc_peering_connection_id": ""
              }
            ],
            "tags": {
              "Name": "nat_gateway_route-development-ym"
            },
            "tags_all": {
              "Name": "nat_gateway_route-development-ym"
            },
            "vpc_id": "vpc-0afac51dce563894e"
          },
          "sensitive_attributes": [],
          "private": "bnVsbA==",
          "dependencies": [
            "module.vpc.aws_eip.nat_gateway_eip",
            "module.vpc.aws_internet_gateway.internet_gateway",
            "module.vpc.aws_nat_gateway.nat_gateway",
            "module.vpc.aws_route_table.internet_gateway_route",
            "module.vpc.aws_route_table_association.internet_gateway_route_association",
            "module.vpc.aws_subnet.private_subnet-1",
            "module.vpc.aws_subnet.public_subnet-1",
            "module.vpc.aws_vpc.vpc_network"
          ]
        }
      ]
    },
    {
      "module": "module.vpc",
      "mode": "managed",
      "type": "aws_route_table_association",
      "name": "internet_gateway_route_association",
      "provider": "provider[\"registry.terraform.io/hashicorp/aws\"]",
      "instances": [
        {
          "schema_version": 0,
          "attributes": {
            "gateway_id": "",
            "id": "rtbassoc-0140f53446b06beec",
            "route_table_id": "rtb-0491172f5cfdbf8ed",
            "subnet_id": "subnet-034f0a49136e575b9"
          },
          "sensitive_attributes": [],
          "private": "bnVsbA==",
          "dependencies": [
            "module.vpc.aws_internet_gateway.internet_gateway",
            "module.vpc.aws_route_table.internet_gateway_route",
            "module.vpc.aws_subnet.private_subnet-1",
            "module.vpc.aws_subnet.public_subnet-1",
            "module.vpc.aws_vpc.vpc_network"
          ]
        }
      ]
    },
    {
      "module": "module.vpc",
      "mode": "managed",
      "type": "aws_route_table_association",
      "name": "nat_gateway_route_association",
      "provider": "provider[\"registry.terraform.io/hashicorp/aws\"]",
      "instances": [
        {
          "schema_version": 0,
          "attributes": {
            "gateway_id": "",
            "id": "rtbassoc-0276d926d18355b40",
            "route_table_id": "rtb-025480e4d9e689270",
            "subnet_id": "subnet-07104d6e8ed797558"
          },
          "sensitive_attributes": [],
          "private": "bnVsbA==",
          "dependencies": [
            "module.vpc.aws_eip.nat_gateway_eip",
            "module.vpc.aws_internet_gateway.internet_gateway",
            "module.vpc.aws_nat_gateway.nat_gateway",
            "module.vpc.aws_route_table.internet_gateway_route",
            "module.vpc.aws_route_table.nat_gateway_route",
            "module.vpc.aws_route_table_association.internet_gateway_route_association",
            "module.vpc.aws_subnet.private_subnet-1",
            "module.vpc.aws_subnet.public_subnet-1",
            "module.vpc.aws_vpc.vpc_network"
          ]
        }
      ]
    },
    {
      "module": "module.vpc",
      "mode": "managed",
      "type": "aws_subnet",
      "name": "private_subnet-1",
      "provider": "provider[\"registry.terraform.io/hashicorp/aws\"]",
      "instances": [
        {
          "schema_version": 1,
          "attributes": {
            "arn": "arn:aws:ec2:us-east-1:965699425769:subnet/subnet-07104d6e8ed797558",
            "assign_ipv6_address_on_creation": false,
            "availability_zone": "us-east-1b",
            "availability_zone_id": "use1-az4",
            "cidr_block": "10.0.2.0/24",
            "customer_owned_ipv4_pool": "",
            "id": "subnet-07104d6e8ed797558",
            "ipv6_cidr_block": "",
            "ipv6_cidr_block_association_id": "",
            "map_customer_owned_ip_on_launch": false,
            "map_public_ip_on_launch": false,
            "outpost_arn": "",
            "owner_id": "965699425769",
            "tags": {
              "Name": "private_subnet-1-development-ym"
            },
            "tags_all": {
              "Name": "private_subnet-1-development-ym"
            },
            "timeouts": null,
            "vpc_id": "vpc-0afac51dce563894e"
          },
          "sensitive_attributes": [],
          "private": "eyJlMmJmYjczMC1lY2FhLTExZTYtOGY4OC0zNDM2M2JjN2M0YzAiOnsiY3JlYXRlIjo2MDAwMDAwMDAwMDAsImRlbGV0ZSI6MTIwMDAwMDAwMDAwMH0sInNjaGVtYV92ZXJzaW9uIjoiMSJ9",
          "dependencies": [
            "module.vpc.aws_vpc.vpc_network"
          ],
          "create_before_destroy": true
        }
      ]
    },
    {
      "module": "module.vpc",
      "mode": "managed",
      "type": "aws_subnet",
      "name": "public_subnet-1",
      "provider": "provider[\"registry.terraform.io/hashicorp/aws\"]",
      "instances": [
        {
          "schema_version": 1,
          "attributes": {
            "arn": "arn:aws:ec2:us-east-1:965699425769:subnet/subnet-034f0a49136e575b9",
            "assign_ipv6_address_on_creation": false,
            "availability_zone": "us-east-1a",
            "availability_zone_id": "use1-az2",
            "cidr_block": "10.0.1.0/24",
            "customer_owned_ipv4_pool": "",
            "id": "subnet-034f0a49136e575b9",
            "ipv6_cidr_block": "",
            "ipv6_cidr_block_association_id": "",
            "map_customer_owned_ip_on_launch": false,
            "map_public_ip_on_launch": true,
            "outpost_arn": "",
            "owner_id": "965699425769",
            "tags": {
              "Name": "public_subnet-1-development-ym"
            },
            "tags_all": {
              "Name": "public_subnet-1-development-ym"
            },
            "timeouts": null,
            "vpc_id": "vpc-0afac51dce563894e"
          },
          "sensitive_attributes": [],
          "private": "eyJlMmJmYjczMC1lY2FhLTExZTYtOGY4OC0zNDM2M2JjN2M0YzAiOnsiY3JlYXRlIjo2MDAwMDAwMDAwMDAsImRlbGV0ZSI6MTIwMDAwMDAwMDAwMH0sInNjaGVtYV92ZXJzaW9uIjoiMSJ9",
          "dependencies": [
            "module.vpc.aws_vpc.vpc_network"
          ],
          "create_before_destroy": true
        }
      ]
    },
    {
      "module": "module.vpc",
      "mode": "managed",
      "type": "aws_vpc",
      "name": "vpc_network",
      "provider": "provider[\"registry.terraform.io/hashicorp/aws\"]",
      "instances": [
        {
          "schema_version": 1,
          "attributes": {
            "arn": "arn:aws:ec2:us-east-1:965699425769:vpc/vpc-0afac51dce563894e",
            "assign_generated_ipv6_cidr_block": false,
            "cidr_block": "10.0.0.0/16",
            "default_network_acl_id": "acl-0eaf92ee6471561ee",
            "default_route_table_id": "rtb-0d7c1c474a711bda0",
            "default_security_group_id": "sg-09d1cdbf50cbbb115",
            "dhcp_options_id": "dopt-04d4d617a99ae75a9",
            "enable_classiclink": false,
            "enable_classiclink_dns_support": false,
            "enable_dns_hostnames": true,
            "enable_dns_support": true,
            "id": "vpc-0afac51dce563894e",
            "instance_tenancy": "default",
            "ipv6_association_id": "",
            "ipv6_cidr_block": "",
            "main_route_table_id": "rtb-0d7c1c474a711bda0",
            "owner_id": "965699425769",
            "tags": {
              "Name": "vpc-development-ym"
            },
            "tags_all": {
              "Name": "vpc-development-ym"
            }
          },
          "sensitive_attributes": [],
          "private": "eyJzY2hlbWFfdmVyc2lvbiI6IjEifQ==",
          "create_before_destroy": true
        }
      ]
    }
  ]
}
