{
  "version": 4,
  "terraform_version": "1.0.1",
  "serial": 45,
  "lineage": "f8eb5c45-65ab-0fa8-da77-e5e0c09830a7",
  "outputs": {},
  "resources": [
    {
      "module": "module.cluster",
      "mode": "data",
      "type": "aws_eks_cluster",
      "name": "cluster",
      "provider": "provider[\"registry.terraform.io/hashicorp/aws\"]",
      "instances": [
        {
          "schema_version": 0,
          "attributes": {
            "arn": "arn:aws:eks:us-east-1:809411733541:cluster/ym_cluster-development-ym",
            "certificate_authority": [
              {
                "data": "LS0tLS1CRUdJTiBDRVJUSUZJQ0FURS0tLS0tCk1JSUN5RENDQWJDZ0F3SUJBZ0lCQURBTkJna3Foa2lHOXcwQkFRc0ZBREFWTVJNd0VRWURWUVFERXdwcmRXSmwKY201bGRHVnpNQjRYRFRJeE1EY3dOREU1TURRMU1sb1hEVE14TURjd01qRTVNRFExTWxvd0ZURVRNQkVHQTFVRQpBeE1LYTNWaVpYSnVaWFJsY3pDQ0FTSXdEUVlKS29aSWh2Y05BUUVCQlFBRGdnRVBBRENDQVFvQ2dnRUJBTXg3ClRxam5Lamt4TzBKQWlRbFI0d3RWczhzK1dmQVFBZTg1ZEttV2hPVUtWYVZ2M2JwaDhMYmZZVFVjb1JsZitBOVkKVVYxa0JQZi93NkhlcHo1OVFINkZFeWJIbzZEenlvOUU2Rmw2ZnQvQ21NTjVRUWl2K3IyMHFXUWFucmxKQ25YaApaZnRYellXcUhjbERLWmRUYXRDbTVzT09JdEZJR2pGT1ZUNEh3QU9sSUxhNm9NUkNOSGhZaDFreXFhbjFTREVCCkpiSTZaNURRL2RWUi9jb1JqR1UxcDM1dVVTWHBTSElyaG10OCtyZEZ3bTRJNE1Cb2I4VkJ5eWlOVW9XYm9QUTQKdjRnbUdQT0F6UVRaYWxKcGlIcUJFNGJLR2IvVzhBV0Z2NVNvQVpndzdDeTdqbmlvbUNEWURkcTY3WVcvbWNwaApmTFRzZjNjNnROcXRlOWhmdU0wQ0F3RUFBYU1qTUNFd0RnWURWUjBQQVFIL0JBUURBZ0trTUE4R0ExVWRFd0VCCi93UUZNQU1CQWY4d0RRWUpLb1pJaHZjTkFRRUxCUUFEZ2dFQkFINnRSb3JFMEllK01WMVVWcGUwek5DN3ZQQUQKcXN4NkdMd3luTkt1ZEJaR2E2cGwzdmZ4aGFiaGdINHFyN0w2cjhPSEJkcWpBSE5ETHEvQVdDWGNtcHVqQnRweQpWRk5ldnJlVUhuelBKTXBSMkVrSU5zRERQMWxITDNLYnYwU201Sk5VV3lWdk4vWFJNWmhDVjJMUDU3TVBuazhMCmZIV1FpVm8wbThXb0wrY3ZWMmdUVjF5TEZ0T1c3d2llK25kU2hvK1VrM2h2eVdoMndpKzc1THFRYWFpSFM2SVgKb2NrQU05b3Y2ZzljZHBuZ0xOcnY2NzVjMmNRTkFBTHNZNnYwYkNVZ09tNVIrTWZNU1NxRDFHU1lBczJFUzBURwpHbnJibGZBU1VUWCtqaGdFcGlhYmd1RHczeGVQUS8yMXRMUnVHcXBlVjE2ZWVmWmo1eFBVRVVpVHgyST0KLS0tLS1FTkQgQ0VSVElGSUNBVEUtLS0tLQo="
              }
            ],
            "created_at": "2021-07-04 18:57:59.002 +0000 UTC",
            "enabled_cluster_log_types": [],
            "endpoint": "https://8AF52F3A867A7715A2B325FC30AA7F1E.sk1.us-east-1.eks.amazonaws.com",
            "id": "ym_cluster-development-ym",
            "identity": [
              {
                "oidc": [
                  {
                    "issuer": "https://oidc.eks.us-east-1.amazonaws.com/id/8AF52F3A867A7715A2B325FC30AA7F1E"
                  }
                ]
              }
            ],
            "kubernetes_network_config": [
              {
                "service_ipv4_cidr": "172.20.0.0/16"
              }
            ],
            "name": "ym_cluster-development-ym",
            "platform_version": "eks.8",
            "role_arn": "arn:aws:iam::809411733541:role/ym_cluster-development-ym20210704185739700100000004",
            "status": "ACTIVE",
            "tags": {},
            "version": "1.17",
            "vpc_config": [
              {
                "cluster_security_group_id": "sg-0f56dda36dd17d27e",
                "endpoint_private_access": true,
                "endpoint_public_access": true,
                "public_access_cidrs": [
                  "0.0.0.0/0"
                ],
                "security_group_ids": [
                  "sg-024572a3b9548ae9f"
                ],
                "subnet_ids": [
                  "subnet-01294bdda20dd3aba",
                  "subnet-06ef944093a93b719"
                ],
                "vpc_id": "vpc-0a867ed2b1a794f79"
              }
            ]
          },
          "sensitive_attributes": []
        }
      ]
    },
    {
      "module": "module.cluster",
      "mode": "data",
      "type": "aws_eks_cluster_auth",
      "name": "cluster",
      "provider": "provider[\"registry.terraform.io/hashicorp/aws\"]",
      "instances": [
        {
          "schema_version": 0,
          "attributes": {
            "id": "ym_cluster-development-ym",
            "name": "ym_cluster-development-ym",
            "token": "k8s-aws-v1.aHR0cHM6Ly9zdHMuYW1hem9uYXdzLmNvbS8_QWN0aW9uPUdldENhbGxlcklkZW50aXR5JlZlcnNpb249MjAxMS0wNi0xNSZYLUFtei1BbGdvcml0aG09QVdTNC1ITUFDLVNIQTI1NiZYLUFtei1DcmVkZW50aWFsPUFLSUEzWTVGUzVBU1pXTjVFNjYyJTJGMjAyMTA3MDQlMkZ1cy1lYXN0LTElMkZzdHMlMkZhd3M0X3JlcXVlc3QmWC1BbXotRGF0ZT0yMDIxMDcwNFQxOTEyMDRaJlgtQW16LUV4cGlyZXM9MCZYLUFtei1TaWduZWRIZWFkZXJzPWhvc3QlM0J4LWs4cy1hd3MtaWQmWC1BbXotU2lnbmF0dXJlPTk1ZGY0NTY0MGU1NzU2MzlkNDFjMGVmOTc2ZTY3OTkxYjlhNTQ3YmU0YjBkOTUxN2NlYjY4YTFhYmQzZDFkY2Q"
          },
          "sensitive_attributes": []
        }
      ]
    },
    {
      "module": "module.cluster.module.eks",
      "mode": "data",
      "type": "aws_ami",
      "name": "eks_worker",
      "provider": "provider[\"registry.terraform.io/hashicorp/aws\"]",
      "instances": [
        {
          "index_key": 0,
          "schema_version": 0,
          "attributes": {
            "architecture": "x86_64",
            "arn": "arn:aws:ec2:us-east-1::image/ami-0506f8cf28abec02d",
            "block_device_mappings": [
              {
                "device_name": "/dev/xvda",
                "ebs": {
                  "delete_on_termination": "true",
                  "encrypted": "false",
                  "iops": "0",
                  "snapshot_id": "snap-055550f0ce140bb10",
                  "throughput": "0",
                  "volume_size": "20",
                  "volume_type": "gp2"
                },
                "no_device": "",
                "virtual_name": ""
              }
            ],
            "creation_date": "2021-06-28T21:50:02.000Z",
            "description": "EKS Kubernetes Worker AMI with AmazonLinux2 image, (k8s: 1.17.12, docker: 19.03.13ce-1.amzn2, containerd: 1.4.1-2.amzn2)",
            "ena_support": true,
            "executable_users": null,
            "filter": [
              {
                "name": "name",
                "values": [
                  "amazon-eks-node-1.17-v*"
                ]
              }
            ],
            "hypervisor": "xen",
            "id": "ami-0506f8cf28abec02d",
            "image_id": "ami-0506f8cf28abec02d",
            "image_location": "amazon/amazon-eks-node-1.17-v20210628",
            "image_owner_alias": "amazon",
            "image_type": "machine",
            "kernel_id": null,
            "most_recent": true,
            "name": "amazon-eks-node-1.17-v20210628",
            "name_regex": null,
            "owner_id": "602401143452",
            "owners": [
              "amazon"
            ],
            "platform": null,
            "platform_details": "Linux/UNIX",
            "product_codes": [],
            "public": true,
            "ramdisk_id": null,
            "root_device_name": "/dev/xvda",
            "root_device_type": "ebs",
            "root_snapshot_id": "snap-055550f0ce140bb10",
            "sriov_net_support": "simple",
            "state": "available",
            "state_reason": {
              "code": "UNSET",
              "message": "UNSET"
            },
            "tags": {},
            "usage_operation": "RunInstances",
            "virtualization_type": "hvm"
          },
          "sensitive_attributes": []
        }
      ]
    },
    {
      "module": "module.cluster.module.eks",
      "mode": "data",
      "type": "aws_caller_identity",
      "name": "current",
      "provider": "provider[\"registry.terraform.io/hashicorp/aws\"]",
      "instances": [
        {
          "schema_version": 0,
          "attributes": {
            "account_id": "809411733541",
            "arn": "arn:aws:iam::809411733541:user/cloud_user",
            "id": "809411733541",
            "user_id": "AIDA3Y5FS5ASZCVGEMEL2"
          },
          "sensitive_attributes": []
        }
      ]
    },
    {
      "module": "module.cluster.module.eks",
      "mode": "data",
      "type": "aws_iam_policy_document",
      "name": "cluster_assume_role_policy",
      "provider": "provider[\"registry.terraform.io/hashicorp/aws\"]",
      "instances": [
        {
          "schema_version": 0,
          "attributes": {
            "id": "2764486067",
            "json": "{\n  \"Version\": \"2012-10-17\",\n  \"Statement\": [\n    {\n      \"Sid\": \"EKSClusterAssumeRole\",\n      \"Effect\": \"Allow\",\n      \"Action\": \"sts:AssumeRole\",\n      \"Principal\": {\n        \"Service\": \"eks.amazonaws.com\"\n      }\n    }\n  ]\n}",
            "override_json": null,
            "override_policy_documents": null,
            "policy_id": null,
            "source_json": null,
            "source_policy_documents": null,
            "statement": [
              {
                "actions": [
                  "sts:AssumeRole"
                ],
                "condition": [],
                "effect": "Allow",
                "not_actions": [],
                "not_principals": [],
                "not_resources": [],
                "principals": [
                  {
                    "identifiers": [
                      "eks.amazonaws.com"
                    ],
                    "type": "Service"
                  }
                ],
                "resources": [],
                "sid": "EKSClusterAssumeRole"
              }
            ],
            "version": "2012-10-17"
          },
          "sensitive_attributes": []
        }
      ]
    },
    {
      "module": "module.cluster.module.eks",
      "mode": "data",
      "type": "aws_iam_policy_document",
      "name": "cluster_elb_sl_role_creation",
      "provider": "provider[\"registry.terraform.io/hashicorp/aws\"]",
      "instances": [
        {
          "index_key": 0,
          "schema_version": 0,
          "attributes": {
            "id": "3709839417",
            "json": "{\n  \"Version\": \"2012-10-17\",\n  \"Statement\": [\n    {\n      \"Sid\": \"\",\n      \"Effect\": \"Allow\",\n      \"Action\": [\n        \"ec2:DescribeInternetGateways\",\n        \"ec2:DescribeAddresses\",\n        \"ec2:DescribeAccountAttributes\"\n      ],\n      \"Resource\": \"*\"\n    }\n  ]\n}",
            "override_json": null,
            "override_policy_documents": null,
            "policy_id": null,
            "source_json": null,
            "source_policy_documents": null,
            "statement": [
              {
                "actions": [
                  "ec2:DescribeAccountAttributes",
                  "ec2:DescribeAddresses",
                  "ec2:DescribeInternetGateways"
                ],
                "condition": [],
                "effect": "Allow",
                "not_actions": [],
                "not_principals": [],
                "not_resources": [],
                "principals": [],
                "resources": [
                  "*"
                ],
                "sid": ""
              }
            ],
            "version": "2012-10-17"
          },
          "sensitive_attributes": []
        }
      ]
    },
    {
      "module": "module.cluster.module.eks",
      "mode": "data",
      "type": "aws_iam_policy_document",
      "name": "workers_assume_role_policy",
      "provider": "provider[\"registry.terraform.io/hashicorp/aws\"]",
      "instances": [
        {
          "schema_version": 0,
          "attributes": {
            "id": "3778018924",
            "json": "{\n  \"Version\": \"2012-10-17\",\n  \"Statement\": [\n    {\n      \"Sid\": \"EKSWorkerAssumeRole\",\n      \"Effect\": \"Allow\",\n      \"Action\": \"sts:AssumeRole\",\n      \"Principal\": {\n        \"Service\": \"ec2.amazonaws.com\"\n      }\n    }\n  ]\n}",
            "override_json": null,
            "override_policy_documents": null,
            "policy_id": null,
            "source_json": null,
            "source_policy_documents": null,
            "statement": [
              {
                "actions": [
                  "sts:AssumeRole"
                ],
                "condition": [],
                "effect": "Allow",
                "not_actions": [],
                "not_principals": [],
                "not_resources": [],
                "principals": [
                  {
                    "identifiers": [
                      "ec2.amazonaws.com"
                    ],
                    "type": "Service"
                  }
                ],
                "resources": [],
                "sid": "EKSWorkerAssumeRole"
              }
            ],
            "version": "2012-10-17"
          },
          "sensitive_attributes": []
        }
      ]
    },
    {
      "module": "module.cluster.module.eks",
      "mode": "data",
      "type": "aws_partition",
      "name": "current",
      "provider": "provider[\"registry.terraform.io/hashicorp/aws\"]",
      "instances": [
        {
          "schema_version": 0,
          "attributes": {
            "dns_suffix": "amazonaws.com",
            "id": "aws",
            "partition": "aws",
            "reverse_dns_prefix": "com.amazonaws"
          },
          "sensitive_attributes": []
        }
      ]
    },
    {
      "module": "module.cluster.module.eks",
      "mode": "data",
      "type": "http",
      "name": "wait_for_cluster",
      "provider": "provider[\"registry.terraform.io/terraform-aws-modules/http\"]",
      "instances": [
        {
          "index_key": 0,
          "schema_version": 0,
          "attributes": {
            "body": "ok",
            "ca_certificate": "-----BEGIN CERTIFICATE-----\nMIICyDCCAbCgAwIBAgIBADANBgkqhkiG9w0BAQsFADAVMRMwEQYDVQQDEwprdWJl\ncm5ldGVzMB4XDTIxMDcwNDE5MDQ1MloXDTMxMDcwMjE5MDQ1MlowFTETMBEGA1UE\nAxMKa3ViZXJuZXRlczCCASIwDQYJKoZIhvcNAQEBBQADggEPADCCAQoCggEBAMx7\nTqjnKjkxO0JAiQlR4wtVs8s+WfAQAe85dKmWhOUKVaVv3bph8LbfYTUcoRlf+A9Y\nUV1kBPf/w6Hepz59QH6FEybHo6Dzyo9E6Fl6ft/CmMN5QQiv+r20qWQanrlJCnXh\nZftXzYWqHclDKZdTatCm5sOOItFIGjFOVT4HwAOlILa6oMRCNHhYh1kyqan1SDEB\nJbI6Z5DQ/dVR/coRjGU1p35uUSXpSHIrhmt8+rdFwm4I4MBob8VByyiNUoWboPQ4\nv4gmGPOAzQTZalJpiHqBE4bKGb/W8AWFv5SoAZgw7Cy7jniomCDYDdq67YW/mcph\nfLTsf3c6tNqte9hfuM0CAwEAAaMjMCEwDgYDVR0PAQH/BAQDAgKkMA8GA1UdEwEB\n/wQFMAMBAf8wDQYJKoZIhvcNAQELBQADggEBAH6tRorE0Ie+MV1UVpe0zNC7vPAD\nqsx6GLwynNKudBZGa6pl3vfxhabhgH4qr7L6r8OHBdqjAHNDLq/AWCXcmpujBtpy\nVFNevreUHnzPJMpR2EkINsDDP1lHL3Kbv0Sm5JNUWyVvN/XRMZhCV2LP57MPnk8L\nfHWQiVo0m8WoL+cvV2gTV1yLFtOW7wie+ndSho+Uk3hvyWh2wi+75LqQaaiHS6IX\nockAM9ov6g9cdpngLNrv675c2cQNAALsY6v0bCUgOm5R+MfMSSqD1GSYAs2ES0TG\nGnrblfASUTX+jhgEpiabguDw3xePQ/21tLRuGqpeV16eefZj5xPUEUiTx2I=\n-----END CERTIFICATE-----\n",
            "id": "https://8AF52F3A867A7715A2B325FC30AA7F1E.sk1.us-east-1.eks.amazonaws.com/healthz",
            "insecure": false,
            "request_headers": null,
            "response_headers": {
              "Cache-Control": "no-cache, private",
              "Content-Length": "2",
              "Content-Type": "text/plain; charset=utf-8",
              "Date": "Sun, 04 Jul 2021 19:12:04 GMT",
              "X-Content-Type-Options": "nosniff"
            },
            "timeout": 300,
            "url": "https://8AF52F3A867A7715A2B325FC30AA7F1E.sk1.us-east-1.eks.amazonaws.com/healthz"
          },
          "sensitive_attributes": []
        }
      ]
    },
    {
      "module": "module.cluster.module.eks",
      "mode": "managed",
      "type": "aws_autoscaling_group",
      "name": "workers",
      "provider": "provider[\"registry.terraform.io/hashicorp/aws\"]",
      "instances": [
        {
          "index_key": 0,
          "schema_version": 0,
          "attributes": {
            "arn": "arn:aws:autoscaling:us-east-1:809411733541:autoScalingGroup:e58139a6-1345-468d-b414-96861ed6805a:autoScalingGroupName/ym_cluster-development-ym-eks-node-1-development-ym2021070419101169550000000f",
            "availability_zones": [
              "us-east-1a",
              "us-east-1b"
            ],
            "capacity_rebalance": false,
            "default_cooldown": 300,
            "desired_capacity": 1,
            "enabled_metrics": null,
            "force_delete": false,
            "force_delete_warm_pool": false,
            "health_check_grace_period": 300,
            "health_check_type": "EC2",
            "id": "ym_cluster-development-ym-eks-node-1-development-ym2021070419101169550000000f",
            "initial_lifecycle_hook": [],
            "instance_refresh": [],
            "launch_configuration": "ym_cluster-development-ym-eks-node-1-development-ym2021070419100154800000000e",
            "launch_template": [],
            "load_balancers": null,
            "max_instance_lifetime": 0,
            "max_size": 2,
            "metrics_granularity": "1Minute",
            "min_elb_capacity": null,
            "min_size": 1,
            "mixed_instances_policy": [],
            "name": "ym_cluster-development-ym-eks-node-1-development-ym2021070419101169550000000f",
            "name_prefix": "ym_cluster-development-ym-eks-node-1-development-ym",
            "placement_group": "",
            "protect_from_scale_in": false,
            "service_linked_role_arn": "arn:aws:iam::809411733541:role/aws-service-role/autoscaling.amazonaws.com/AWSServiceRoleForAutoScaling",
            "suspended_processes": [
              "AZRebalance"
            ],
            "tag": [
              {
                "key": "Name",
                "propagate_at_launch": true,
                "value": "ym_cluster-development-ym-eks-node-1-development-ym-eks_asg"
              },
              {
                "key": "k8s.io/cluster/ym_cluster-development-ym",
                "propagate_at_launch": true,
                "value": "owned"
              },
              {
                "key": "kubernetes.io/cluster/ym_cluster-development-ym",
                "propagate_at_launch": true,
                "value": "owned"
              }
            ],
            "tags": null,
            "target_group_arns": null,
            "termination_policies": [],
            "timeouts": null,
            "vpc_zone_identifier": [
              "subnet-01294bdda20dd3aba",
              "subnet-06ef944093a93b719"
            ],
            "wait_for_capacity_timeout": "10m",
            "wait_for_elb_capacity": null,
            "warm_pool": []
          },
          "sensitive_attributes": [],
          "private": "eyJlMmJmYjczMC1lY2FhLTExZTYtOGY4OC0zNDM2M2JjN2M0YzAiOnsiZGVsZXRlIjo2MDAwMDAwMDAwMDB9fQ==",
          "dependencies": [
            "module.cluster.module.eks.aws_cloudwatch_log_group.this",
            "module.cluster.module.eks.aws_eks_cluster.this",
            "module.cluster.module.eks.aws_iam_instance_profile.workers",
            "module.cluster.module.eks.aws_iam_role.cluster",
            "module.cluster.module.eks.aws_iam_role.workers",
            "module.cluster.module.eks.aws_iam_role_policy_attachment.cluster_AmazonEKSClusterPolicy",
            "module.cluster.module.eks.aws_iam_role_policy_attachment.cluster_AmazonEKSServicePolicy",
            "module.cluster.module.eks.aws_iam_role_policy_attachment.cluster_AmazonEKSVPCResourceControllerPolicy",
            "module.cluster.module.eks.aws_iam_role_policy_attachment.workers_AmazonEC2ContainerRegistryReadOnly",
            "module.cluster.module.eks.aws_iam_role_policy_attachment.workers_AmazonEKSWorkerNodePolicy",
            "module.cluster.module.eks.aws_iam_role_policy_attachment.workers_AmazonEKS_CNI_Policy",
            "module.cluster.module.eks.aws_iam_role_policy_attachment.workers_additional_policies",
            "module.cluster.module.eks.aws_launch_configuration.workers",
            "module.cluster.module.eks.aws_security_group.cluster",
            "module.cluster.module.eks.aws_security_group.workers",
            "module.cluster.module.eks.aws_security_group_rule.cluster_egress_internet",
            "module.cluster.module.eks.aws_security_group_rule.cluster_https_worker_ingress",
            "module.cluster.module.eks.aws_security_group_rule.cluster_primary_ingress_workers",
            "module.cluster.module.eks.aws_security_group_rule.workers_egress_internet",
            "module.cluster.module.eks.aws_security_group_rule.workers_ingress_cluster",
            "module.cluster.module.eks.aws_security_group_rule.workers_ingress_cluster_https",
            "module.cluster.module.eks.aws_security_group_rule.workers_ingress_cluster_kubelet",
            "module.cluster.module.eks.aws_security_group_rule.workers_ingress_cluster_primary",
            "module.cluster.module.eks.aws_security_group_rule.workers_ingress_self",
            "module.cluster.module.eks.data.aws_ami.eks_worker",
            "module.cluster.module.eks.data.aws_ami.eks_worker_windows",
            "module.cluster.module.eks.data.aws_iam_instance_profile.custom_worker_group_iam_instance_profile",
            "module.cluster.module.eks.data.aws_iam_policy_document.cluster_assume_role_policy",
            "module.cluster.module.eks.data.aws_iam_policy_document.workers_assume_role_policy",
            "module.cluster.module.eks.data.aws_iam_role.custom_cluster_iam_role",
            "module.cluster.module.eks.data.aws_partition.current",
            "module.vpc_network.aws_subnet.private_subnet-1",
            "module.vpc_network.aws_subnet.public_subnet-1",
            "module.vpc_network.aws_vpc.vpc_network"
          ],
          "create_before_destroy": true
        }
      ]
    },
    {
      "module": "module.cluster.module.eks",
      "mode": "managed",
      "type": "aws_eks_cluster",
      "name": "this",
      "provider": "provider[\"registry.terraform.io/hashicorp/aws\"]",
      "instances": [
        {
          "index_key": 0,
          "schema_version": 0,
          "attributes": {
            "arn": "arn:aws:eks:us-east-1:809411733541:cluster/ym_cluster-development-ym",
            "certificate_authority": [
              {
                "data": "LS0tLS1CRUdJTiBDRVJUSUZJQ0FURS0tLS0tCk1JSUN5RENDQWJDZ0F3SUJBZ0lCQURBTkJna3Foa2lHOXcwQkFRc0ZBREFWTVJNd0VRWURWUVFERXdwcmRXSmwKY201bGRHVnpNQjRYRFRJeE1EY3dOREU1TURRMU1sb1hEVE14TURjd01qRTVNRFExTWxvd0ZURVRNQkVHQTFVRQpBeE1LYTNWaVpYSnVaWFJsY3pDQ0FTSXdEUVlKS29aSWh2Y05BUUVCQlFBRGdnRVBBRENDQVFvQ2dnRUJBTXg3ClRxam5Lamt4TzBKQWlRbFI0d3RWczhzK1dmQVFBZTg1ZEttV2hPVUtWYVZ2M2JwaDhMYmZZVFVjb1JsZitBOVkKVVYxa0JQZi93NkhlcHo1OVFINkZFeWJIbzZEenlvOUU2Rmw2ZnQvQ21NTjVRUWl2K3IyMHFXUWFucmxKQ25YaApaZnRYellXcUhjbERLWmRUYXRDbTVzT09JdEZJR2pGT1ZUNEh3QU9sSUxhNm9NUkNOSGhZaDFreXFhbjFTREVCCkpiSTZaNURRL2RWUi9jb1JqR1UxcDM1dVVTWHBTSElyaG10OCtyZEZ3bTRJNE1Cb2I4VkJ5eWlOVW9XYm9QUTQKdjRnbUdQT0F6UVRaYWxKcGlIcUJFNGJLR2IvVzhBV0Z2NVNvQVpndzdDeTdqbmlvbUNEWURkcTY3WVcvbWNwaApmTFRzZjNjNnROcXRlOWhmdU0wQ0F3RUFBYU1qTUNFd0RnWURWUjBQQVFIL0JBUURBZ0trTUE4R0ExVWRFd0VCCi93UUZNQU1CQWY4d0RRWUpLb1pJaHZjTkFRRUxCUUFEZ2dFQkFINnRSb3JFMEllK01WMVVWcGUwek5DN3ZQQUQKcXN4NkdMd3luTkt1ZEJaR2E2cGwzdmZ4aGFiaGdINHFyN0w2cjhPSEJkcWpBSE5ETHEvQVdDWGNtcHVqQnRweQpWRk5ldnJlVUhuelBKTXBSMkVrSU5zRERQMWxITDNLYnYwU201Sk5VV3lWdk4vWFJNWmhDVjJMUDU3TVBuazhMCmZIV1FpVm8wbThXb0wrY3ZWMmdUVjF5TEZ0T1c3d2llK25kU2hvK1VrM2h2eVdoMndpKzc1THFRYWFpSFM2SVgKb2NrQU05b3Y2ZzljZHBuZ0xOcnY2NzVjMmNRTkFBTHNZNnYwYkNVZ09tNVIrTWZNU1NxRDFHU1lBczJFUzBURwpHbnJibGZBU1VUWCtqaGdFcGlhYmd1RHczeGVQUS8yMXRMUnVHcXBlVjE2ZWVmWmo1eFBVRVVpVHgyST0KLS0tLS1FTkQgQ0VSVElGSUNBVEUtLS0tLQo="
              }
            ],
            "created_at": "2021-07-04 18:57:59.002 +0000 UTC",
            "enabled_cluster_log_types": null,
            "encryption_config": [],
            "endpoint": "https://8AF52F3A867A7715A2B325FC30AA7F1E.sk1.us-east-1.eks.amazonaws.com",
            "id": "ym_cluster-development-ym",
            "identity": [
              {
                "oidc": [
                  {
                    "issuer": "https://oidc.eks.us-east-1.amazonaws.com/id/8AF52F3A867A7715A2B325FC30AA7F1E"
                  }
                ]
              }
            ],
            "kubernetes_network_config": [
              {
                "service_ipv4_cidr": "172.20.0.0/16"
              }
            ],
            "name": "ym_cluster-development-ym",
            "platform_version": "eks.8",
            "role_arn": "arn:aws:iam::809411733541:role/ym_cluster-development-ym20210704185739700100000004",
            "status": "ACTIVE",
            "tags": null,
            "tags_all": {},
            "timeouts": {
              "create": "30m",
              "delete": "15m",
              "update": null
            },
            "version": "1.17",
            "vpc_config": [
              {
                "cluster_security_group_id": "sg-0f56dda36dd17d27e",
                "endpoint_private_access": true,
                "endpoint_public_access": true,
                "public_access_cidrs": [
                  "0.0.0.0/0"
                ],
                "security_group_ids": [
                  "sg-024572a3b9548ae9f"
                ],
                "subnet_ids": [
                  "subnet-01294bdda20dd3aba",
                  "subnet-06ef944093a93b719"
                ],
                "vpc_id": "vpc-0a867ed2b1a794f79"
              }
            ]
          },
          "sensitive_attributes": [],
          "private": "eyJlMmJmYjczMC1lY2FhLTExZTYtOGY4OC0zNDM2M2JjN2M0YzAiOnsiY3JlYXRlIjoxODAwMDAwMDAwMDAwLCJkZWxldGUiOjkwMDAwMDAwMDAwMCwidXBkYXRlIjozNjAwMDAwMDAwMDAwfX0=",
          "dependencies": [
            "module.cluster.module.eks.aws_cloudwatch_log_group.this",
            "module.cluster.module.eks.aws_iam_role.cluster",
            "module.cluster.module.eks.aws_iam_role_policy_attachment.cluster_AmazonEKSClusterPolicy",
            "module.cluster.module.eks.aws_iam_role_policy_attachment.cluster_AmazonEKSServicePolicy",
            "module.cluster.module.eks.aws_iam_role_policy_attachment.cluster_AmazonEKSVPCResourceControllerPolicy",
            "module.cluster.module.eks.aws_security_group.cluster",
            "module.cluster.module.eks.aws_security_group.workers",
            "module.cluster.module.eks.aws_security_group_rule.cluster_egress_internet",
            "module.cluster.module.eks.aws_security_group_rule.cluster_https_worker_ingress",
            "module.cluster.module.eks.data.aws_iam_policy_document.cluster_assume_role_policy",
            "module.cluster.module.eks.data.aws_iam_role.custom_cluster_iam_role",
            "module.cluster.module.eks.data.aws_partition.current",
            "module.vpc_network.aws_subnet.private_subnet-1",
            "module.vpc_network.aws_subnet.public_subnet-1",
            "module.vpc_network.aws_vpc.vpc_network"
          ],
          "create_before_destroy": true
        }
      ]
    },
    {
      "module": "module.cluster.module.eks",
      "mode": "managed",
      "type": "aws_iam_instance_profile",
      "name": "workers",
      "provider": "provider[\"registry.terraform.io/hashicorp/aws\"]",
      "instances": [
        {
          "index_key": 0,
          "schema_version": 0,
          "attributes": {
            "arn": "arn:aws:iam::809411733541:instance-profile/ym_cluster-development-ym2021070419095764610000000a",
            "create_date": "2021-07-04T19:09:58Z",
            "id": "ym_cluster-development-ym2021070419095764610000000a",
            "name": "ym_cluster-development-ym2021070419095764610000000a",
            "name_prefix": "ym_cluster-development-ym",
            "path": "/",
            "role": "ym_cluster-development-ym20210704190952191900000009",
            "tags": null,
            "tags_all": {},
            "unique_id": "AIPA3Y5FS5ASQBTI264FM"
          },
          "sensitive_attributes": [],
          "private": "bnVsbA==",
          "dependencies": [
            "module.cluster.module.eks.aws_cloudwatch_log_group.this",
            "module.cluster.module.eks.aws_eks_cluster.this",
            "module.cluster.module.eks.aws_iam_role.cluster",
            "module.cluster.module.eks.aws_iam_role.workers",
            "module.cluster.module.eks.aws_iam_role_policy_attachment.cluster_AmazonEKSClusterPolicy",
            "module.cluster.module.eks.aws_iam_role_policy_attachment.cluster_AmazonEKSServicePolicy",
            "module.cluster.module.eks.aws_iam_role_policy_attachment.cluster_AmazonEKSVPCResourceControllerPolicy",
            "module.cluster.module.eks.aws_security_group.cluster",
            "module.cluster.module.eks.aws_security_group.workers",
            "module.cluster.module.eks.aws_security_group_rule.cluster_egress_internet",
            "module.cluster.module.eks.aws_security_group_rule.cluster_https_worker_ingress",
            "module.cluster.module.eks.data.aws_iam_policy_document.cluster_assume_role_policy",
            "module.cluster.module.eks.data.aws_iam_policy_document.workers_assume_role_policy",
            "module.cluster.module.eks.data.aws_iam_role.custom_cluster_iam_role",
            "module.cluster.module.eks.data.aws_partition.current",
            "module.vpc_network.aws_subnet.private_subnet-1",
            "module.vpc_network.aws_subnet.public_subnet-1",
            "module.vpc_network.aws_vpc.vpc_network"
          ],
          "create_before_destroy": true
        }
      ]
    },
    {
      "module": "module.cluster.module.eks",
      "mode": "managed",
      "type": "aws_iam_policy",
      "name": "cluster_elb_sl_role_creation",
      "provider": "provider[\"registry.terraform.io/hashicorp/aws\"]",
      "instances": [
        {
          "index_key": 0,
          "schema_version": 0,
          "attributes": {
            "arn": "arn:aws:iam::809411733541:policy/ym_cluster-development-ym-elb-sl-role-creation20210704185739698300000001",
            "description": "Permissions for EKS to create AWSServiceRoleForElasticLoadBalancing service-linked role",
            "id": "arn:aws:iam::809411733541:policy/ym_cluster-development-ym-elb-sl-role-creation20210704185739698300000001",
            "name": "ym_cluster-development-ym-elb-sl-role-creation20210704185739698300000001",
            "name_prefix": "ym_cluster-development-ym-elb-sl-role-creation",
            "path": "/",
            "policy": "{\n  \"Version\": \"2012-10-17\",\n  \"Statement\": [\n    {\n      \"Sid\": \"\",\n      \"Effect\": \"Allow\",\n      \"Action\": [\n        \"ec2:DescribeInternetGateways\",\n        \"ec2:DescribeAddresses\",\n        \"ec2:DescribeAccountAttributes\"\n      ],\n      \"Resource\": \"*\"\n    }\n  ]\n}",
            "policy_id": "ANPA3Y5FS5AS5HW3M7N73",
            "tags": null,
            "tags_all": {}
          },
          "sensitive_attributes": [],
          "private": "bnVsbA==",
          "dependencies": [
            "module.cluster.module.eks.data.aws_iam_policy_document.cluster_elb_sl_role_creation"
          ]
        }
      ]
    },
    {
      "module": "module.cluster.module.eks",
      "mode": "managed",
      "type": "aws_iam_role",
      "name": "cluster",
      "provider": "provider[\"registry.terraform.io/hashicorp/aws\"]",
      "instances": [
        {
          "index_key": 0,
          "schema_version": 0,
          "attributes": {
            "arn": "arn:aws:iam::809411733541:role/ym_cluster-development-ym20210704185739700100000004",
            "assume_role_policy": "{\"Version\":\"2012-10-17\",\"Statement\":[{\"Sid\":\"EKSClusterAssumeRole\",\"Effect\":\"Allow\",\"Principal\":{\"Service\":\"eks.amazonaws.com\"},\"Action\":\"sts:AssumeRole\"}]}",
            "create_date": "2021-07-04T18:57:40Z",
            "description": "",
            "force_detach_policies": true,
            "id": "ym_cluster-development-ym20210704185739700100000004",
            "inline_policy": [
              {
                "name": "",
                "policy": ""
              }
            ],
            "managed_policy_arns": [],
            "max_session_duration": 3600,
            "name": "ym_cluster-development-ym20210704185739700100000004",
            "name_prefix": "ym_cluster-development-ym",
            "path": "/",
            "permissions_boundary": null,
            "tags": null,
            "tags_all": {},
            "unique_id": "AROA3Y5FS5ASRF2YOLVPL"
          },
          "sensitive_attributes": [],
          "private": "bnVsbA==",
          "dependencies": [
            "module.cluster.module.eks.data.aws_iam_policy_document.cluster_assume_role_policy"
          ],
          "create_before_destroy": true
        }
      ]
    },
    {
      "module": "module.cluster.module.eks",
      "mode": "managed",
      "type": "aws_iam_role",
      "name": "workers",
      "provider": "provider[\"registry.terraform.io/hashicorp/aws\"]",
      "instances": [
        {
          "index_key": 0,
          "schema_version": 0,
          "attributes": {
            "arn": "arn:aws:iam::809411733541:role/ym_cluster-development-ym20210704190952191900000009",
            "assume_role_policy": "{\"Version\":\"2012-10-17\",\"Statement\":[{\"Sid\":\"EKSWorkerAssumeRole\",\"Effect\":\"Allow\",\"Principal\":{\"Service\":\"ec2.amazonaws.com\"},\"Action\":\"sts:AssumeRole\"}]}",
            "create_date": "2021-07-04T19:09:53Z",
            "description": "",
            "force_detach_policies": true,
            "id": "ym_cluster-development-ym20210704190952191900000009",
            "inline_policy": [
              {
                "name": "",
                "policy": ""
              }
            ],
            "managed_policy_arns": [],
            "max_session_duration": 3600,
            "name": "ym_cluster-development-ym20210704190952191900000009",
            "name_prefix": "ym_cluster-development-ym",
            "path": "/",
            "permissions_boundary": null,
            "tags": null,
            "tags_all": {},
            "unique_id": "AROA3Y5FS5ASUPEQU3MLL"
          },
          "sensitive_attributes": [],
          "private": "bnVsbA==",
          "dependencies": [
            "module.cluster.module.eks.aws_cloudwatch_log_group.this",
            "module.cluster.module.eks.aws_eks_cluster.this",
            "module.cluster.module.eks.aws_iam_role.cluster",
            "module.cluster.module.eks.aws_iam_role_policy_attachment.cluster_AmazonEKSClusterPolicy",
            "module.cluster.module.eks.aws_iam_role_policy_attachment.cluster_AmazonEKSServicePolicy",
            "module.cluster.module.eks.aws_iam_role_policy_attachment.cluster_AmazonEKSVPCResourceControllerPolicy",
            "module.cluster.module.eks.aws_security_group.cluster",
            "module.cluster.module.eks.aws_security_group.workers",
            "module.cluster.module.eks.aws_security_group_rule.cluster_egress_internet",
            "module.cluster.module.eks.aws_security_group_rule.cluster_https_worker_ingress",
            "module.cluster.module.eks.data.aws_iam_policy_document.cluster_assume_role_policy",
            "module.cluster.module.eks.data.aws_iam_policy_document.workers_assume_role_policy",
            "module.cluster.module.eks.data.aws_iam_role.custom_cluster_iam_role",
            "module.cluster.module.eks.data.aws_partition.current",
            "module.vpc_network.aws_subnet.private_subnet-1",
            "module.vpc_network.aws_subnet.public_subnet-1",
            "module.vpc_network.aws_vpc.vpc_network"
          ],
          "create_before_destroy": true
        }
      ]
    },
    {
      "module": "module.cluster.module.eks",
      "mode": "managed",
      "type": "aws_iam_role_policy_attachment",
      "name": "cluster_AmazonEKSClusterPolicy",
      "provider": "provider[\"registry.terraform.io/hashicorp/aws\"]",
      "instances": [
        {
          "index_key": 0,
          "schema_version": 0,
          "attributes": {
            "id": "ym_cluster-development-ym20210704185739700100000004-20210704185746448500000007",
            "policy_arn": "arn:aws:iam::aws:policy/AmazonEKSClusterPolicy",
            "role": "ym_cluster-development-ym20210704185739700100000004"
          },
          "sensitive_attributes": [],
          "private": "bnVsbA==",
          "dependencies": [
            "module.cluster.module.eks.aws_iam_role.cluster",
            "module.cluster.module.eks.data.aws_iam_policy_document.cluster_assume_role_policy",
            "module.cluster.module.eks.data.aws_partition.current"
          ],
          "create_before_destroy": true
        }
      ]
    },
    {
      "module": "module.cluster.module.eks",
      "mode": "managed",
      "type": "aws_iam_role_policy_attachment",
      "name": "cluster_AmazonEKSServicePolicy",
      "provider": "provider[\"registry.terraform.io/hashicorp/aws\"]",
      "instances": [
        {
          "index_key": 0,
          "schema_version": 0,
          "attributes": {
            "id": "ym_cluster-development-ym20210704185739700100000004-20210704185746390500000005",
            "policy_arn": "arn:aws:iam::aws:policy/AmazonEKSServicePolicy",
            "role": "ym_cluster-development-ym20210704185739700100000004"
          },
          "sensitive_attributes": [],
          "private": "bnVsbA==",
          "dependencies": [
            "module.cluster.module.eks.aws_iam_role.cluster",
            "module.cluster.module.eks.data.aws_iam_policy_document.cluster_assume_role_policy",
            "module.cluster.module.eks.data.aws_partition.current"
          ],
          "create_before_destroy": true
        }
      ]
    },
    {
      "module": "module.cluster.module.eks",
      "mode": "managed",
      "type": "aws_iam_role_policy_attachment",
      "name": "cluster_AmazonEKSVPCResourceControllerPolicy",
      "provider": "provider[\"registry.terraform.io/hashicorp/aws\"]",
      "instances": [
        {
          "index_key": 0,
          "schema_version": 0,
          "attributes": {
            "id": "ym_cluster-development-ym20210704185739700100000004-20210704185747436100000008",
            "policy_arn": "arn:aws:iam::aws:policy/AmazonEKSVPCResourceController",
            "role": "ym_cluster-development-ym20210704185739700100000004"
          },
          "sensitive_attributes": [],
          "private": "bnVsbA==",
          "dependencies": [
            "module.cluster.module.eks.aws_iam_role.cluster",
            "module.cluster.module.eks.data.aws_iam_policy_document.cluster_assume_role_policy",
            "module.cluster.module.eks.data.aws_partition.current"
          ],
          "create_before_destroy": true
        }
      ]
    },
    {
      "module": "module.cluster.module.eks",
      "mode": "managed",
      "type": "aws_iam_role_policy_attachment",
      "name": "cluster_elb_sl_role_creation",
      "provider": "provider[\"registry.terraform.io/hashicorp/aws\"]",
      "instances": [
        {
          "index_key": 0,
          "schema_version": 0,
          "attributes": {
            "id": "ym_cluster-development-ym20210704185739700100000004-20210704185746435600000006",
            "policy_arn": "arn:aws:iam::809411733541:policy/ym_cluster-development-ym-elb-sl-role-creation20210704185739698300000001",
            "role": "ym_cluster-development-ym20210704185739700100000004"
          },
          "sensitive_attributes": [],
          "private": "bnVsbA==",
          "dependencies": [
            "module.cluster.module.eks.aws_iam_policy.cluster_elb_sl_role_creation",
            "module.cluster.module.eks.aws_iam_role.cluster",
            "module.cluster.module.eks.data.aws_iam_policy_document.cluster_assume_role_policy",
            "module.cluster.module.eks.data.aws_iam_policy_document.cluster_elb_sl_role_creation"
          ]
        }
      ]
    },
    {
      "module": "module.cluster.module.eks",
      "mode": "managed",
      "type": "aws_iam_role_policy_attachment",
      "name": "workers_AmazonEC2ContainerRegistryReadOnly",
      "provider": "provider[\"registry.terraform.io/hashicorp/aws\"]",
      "instances": [
        {
          "index_key": 0,
          "schema_version": 0,
          "attributes": {
            "id": "ym_cluster-development-ym20210704190952191900000009-2021070419095998020000000d",
            "policy_arn": "arn:aws:iam::aws:policy/AmazonEC2ContainerRegistryReadOnly",
            "role": "ym_cluster-development-ym20210704190952191900000009"
          },
          "sensitive_attributes": [],
          "private": "bnVsbA==",
          "dependencies": [
            "module.cluster.module.eks.aws_cloudwatch_log_group.this",
            "module.cluster.module.eks.aws_eks_cluster.this",
            "module.cluster.module.eks.aws_iam_role.cluster",
            "module.cluster.module.eks.aws_iam_role.workers",
            "module.cluster.module.eks.aws_iam_role_policy_attachment.cluster_AmazonEKSClusterPolicy",
            "module.cluster.module.eks.aws_iam_role_policy_attachment.cluster_AmazonEKSServicePolicy",
            "module.cluster.module.eks.aws_iam_role_policy_attachment.cluster_AmazonEKSVPCResourceControllerPolicy",
            "module.cluster.module.eks.aws_security_group.cluster",
            "module.cluster.module.eks.aws_security_group.workers",
            "module.cluster.module.eks.aws_security_group_rule.cluster_egress_internet",
            "module.cluster.module.eks.aws_security_group_rule.cluster_https_worker_ingress",
            "module.cluster.module.eks.data.aws_iam_policy_document.cluster_assume_role_policy",
            "module.cluster.module.eks.data.aws_iam_policy_document.workers_assume_role_policy",
            "module.cluster.module.eks.data.aws_iam_role.custom_cluster_iam_role",
            "module.cluster.module.eks.data.aws_partition.current",
            "module.vpc_network.aws_subnet.private_subnet-1",
            "module.vpc_network.aws_subnet.public_subnet-1",
            "module.vpc_network.aws_vpc.vpc_network"
          ],
          "create_before_destroy": true
        }
      ]
    },
    {
      "module": "module.cluster.module.eks",
      "mode": "managed",
      "type": "aws_iam_role_policy_attachment",
      "name": "workers_AmazonEKSWorkerNodePolicy",
      "provider": "provider[\"registry.terraform.io/hashicorp/aws\"]",
      "instances": [
        {
          "index_key": 0,
          "schema_version": 0,
          "attributes": {
            "id": "ym_cluster-development-ym20210704190952191900000009-2021070419095898000000000c",
            "policy_arn": "arn:aws:iam::aws:policy/AmazonEKSWorkerNodePolicy",
            "role": "ym_cluster-development-ym20210704190952191900000009"
          },
          "sensitive_attributes": [],
          "private": "bnVsbA==",
          "dependencies": [
            "module.cluster.module.eks.aws_cloudwatch_log_group.this",
            "module.cluster.module.eks.aws_eks_cluster.this",
            "module.cluster.module.eks.aws_iam_role.cluster",
            "module.cluster.module.eks.aws_iam_role.workers",
            "module.cluster.module.eks.aws_iam_role_policy_attachment.cluster_AmazonEKSClusterPolicy",
            "module.cluster.module.eks.aws_iam_role_policy_attachment.cluster_AmazonEKSServicePolicy",
            "module.cluster.module.eks.aws_iam_role_policy_attachment.cluster_AmazonEKSVPCResourceControllerPolicy",
            "module.cluster.module.eks.aws_security_group.cluster",
            "module.cluster.module.eks.aws_security_group.workers",
            "module.cluster.module.eks.aws_security_group_rule.cluster_egress_internet",
            "module.cluster.module.eks.aws_security_group_rule.cluster_https_worker_ingress",
            "module.cluster.module.eks.data.aws_iam_policy_document.cluster_assume_role_policy",
            "module.cluster.module.eks.data.aws_iam_policy_document.workers_assume_role_policy",
            "module.cluster.module.eks.data.aws_iam_role.custom_cluster_iam_role",
            "module.cluster.module.eks.data.aws_partition.current",
            "module.vpc_network.aws_subnet.private_subnet-1",
            "module.vpc_network.aws_subnet.public_subnet-1",
            "module.vpc_network.aws_vpc.vpc_network"
          ],
          "create_before_destroy": true
        }
      ]
    },
    {
      "module": "module.cluster.module.eks",
      "mode": "managed",
      "type": "aws_iam_role_policy_attachment",
      "name": "workers_AmazonEKS_CNI_Policy",
      "provider": "provider[\"registry.terraform.io/hashicorp/aws\"]",
      "instances": [
        {
          "index_key": 0,
          "schema_version": 0,
          "attributes": {
            "id": "ym_cluster-development-ym20210704190952191900000009-2021070419095897990000000b",
            "policy_arn": "arn:aws:iam::aws:policy/AmazonEKS_CNI_Policy",
            "role": "ym_cluster-development-ym20210704190952191900000009"
          },
          "sensitive_attributes": [],
          "private": "bnVsbA==",
          "dependencies": [
            "module.cluster.module.eks.aws_cloudwatch_log_group.this",
            "module.cluster.module.eks.aws_eks_cluster.this",
            "module.cluster.module.eks.aws_iam_role.cluster",
            "module.cluster.module.eks.aws_iam_role.workers",
            "module.cluster.module.eks.aws_iam_role_policy_attachment.cluster_AmazonEKSClusterPolicy",
            "module.cluster.module.eks.aws_iam_role_policy_attachment.cluster_AmazonEKSServicePolicy",
            "module.cluster.module.eks.aws_iam_role_policy_attachment.cluster_AmazonEKSVPCResourceControllerPolicy",
            "module.cluster.module.eks.aws_security_group.cluster",
            "module.cluster.module.eks.aws_security_group.workers",
            "module.cluster.module.eks.aws_security_group_rule.cluster_egress_internet",
            "module.cluster.module.eks.aws_security_group_rule.cluster_https_worker_ingress",
            "module.cluster.module.eks.data.aws_iam_policy_document.cluster_assume_role_policy",
            "module.cluster.module.eks.data.aws_iam_policy_document.workers_assume_role_policy",
            "module.cluster.module.eks.data.aws_iam_role.custom_cluster_iam_role",
            "module.cluster.module.eks.data.aws_partition.current",
            "module.vpc_network.aws_subnet.private_subnet-1",
            "module.vpc_network.aws_subnet.public_subnet-1",
            "module.vpc_network.aws_vpc.vpc_network"
          ],
          "create_before_destroy": true
        }
      ]
    },
    {
      "module": "module.cluster.module.eks",
      "mode": "managed",
      "type": "aws_launch_configuration",
      "name": "workers",
      "provider": "provider[\"registry.terraform.io/hashicorp/aws\"]",
      "instances": [
        {
          "index_key": 0,
          "schema_version": 0,
          "attributes": {
            "arn": "arn:aws:autoscaling:us-east-1:809411733541:launchConfiguration:afa992e2-8c79-4f4d-9bce-32a392d85b40:launchConfigurationName/ym_cluster-development-ym-eks-node-1-development-ym2021070419100154800000000e",
            "associate_public_ip_address": false,
            "ebs_block_device": [],
            "ebs_optimized": false,
            "enable_monitoring": true,
            "ephemeral_block_device": [],
            "iam_instance_profile": "ym_cluster-development-ym2021070419095764610000000a",
            "id": "ym_cluster-development-ym-eks-node-1-development-ym2021070419100154800000000e",
            "image_id": "ami-0506f8cf28abec02d",
            "instance_type": "t2.micro",
            "key_name": "",
            "metadata_options": [
              {
                "http_endpoint": "enabled",
                "http_put_response_hop_limit": 1,
                "http_tokens": "optional"
              }
            ],
            "name": "ym_cluster-development-ym-eks-node-1-development-ym2021070419100154800000000e",
            "name_prefix": "ym_cluster-development-ym-eks-node-1-development-ym",
            "placement_tenancy": "",
            "root_block_device": [
              {
                "delete_on_termination": true,
                "encrypted": false,
                "iops": 0,
                "throughput": 0,
                "volume_size": 20,
                "volume_type": "gp2"
              }
            ],
            "security_groups": [
              "sg-0aa4b1f644f284e45"
            ],
            "spot_price": "",
            "user_data": null,
            "user_data_base64": "IyEvYmluL2Jhc2ggLWUKCiMgQWxsb3cgdXNlciBzdXBwbGllZCBwcmUgdXNlcmRhdGEgY29kZQoKCiMgQm9vdHN0cmFwIGFuZCBqb2luIHRoZSBjbHVzdGVyCi9ldGMvZWtzL2Jvb3RzdHJhcC5zaCAtLWI2NC1jbHVzdGVyLWNhICdMUzB0TFMxQ1JVZEpUaUJEUlZKVVNVWkpRMEZVUlMwdExTMHRDazFKU1VONVJFTkRRV0pEWjBGM1NVSkJaMGxDUVVSQlRrSm5hM0ZvYTJsSE9YY3dRa0ZSYzBaQlJFRldUVkpOZDBWUldVUldVVkZFUlhkd2NtUlhTbXdLWTIwMWJHUkhWbnBOUWpSWVJGUkplRTFFWTNkT1JFVTFUVVJSTVUxc2IxaEVWRTE0VFVSamQwMXFSVFZOUkZFeFRXeHZkMFpVUlZSTlFrVkhRVEZWUlFwQmVFMUxZVE5XYVZwWVNuVmFXRkpzWTNwRFEwRlRTWGRFVVZsS1MyOWFTV2gyWTA1QlVVVkNRbEZCUkdkblJWQkJSRU5EUVZGdlEyZG5SVUpCVFhnM0NsUnhhbTVMYW10NFR6QktRV2xSYkZJMGQzUldjemh6SzFkbVFWRkJaVGcxWkV0dFYyaFBWVXRXWVZaMk0ySndhRGhNWW1aWlZGVmpiMUpzWml0Qk9Wa0tWVll4YTBKUVppOTNOa2hsY0hvMU9WRklOa1pGZVdKSWJ6WkVlbmx2T1VVMlJtdzJablF2UTIxTlRqVlJVV2wySzNJeU1IRlhVV0Z1Y214S1EyNVlhQXBhWm5SWWVsbFhjVWhqYkVSTFdtUlVZWFJEYlRWelQwOUpkRVpKUjJwR1QxWlVORWgzUVU5c1NVeGhObTlOVWtOT1NHaFphREZyZVhGaGJqRlRSRVZDQ2twaVNUWmFOVVJSTDJSV1VpOWpiMUpxUjFVeGNETTFkVlZUV0hCVFNFbHlhRzEwT0N0eVpFWjNiVFJKTkUxQ2IySTRWa0o1ZVdsT1ZXOVhZbTlRVVRRS2RqUm5iVWRRVDBGNlVWUmFZV3hLY0dsSWNVSkZOR0pMUjJJdlZ6aEJWMFoyTlZOdlFWcG5kemREZVRkcWJtbHZiVU5FV1VSa2NUWTNXVmN2YldOd2FBcG1URlJ6WmpOak5uUk9jWFJsT1dobWRVMHdRMEYzUlVGQllVMXFUVU5GZDBSbldVUldVakJRUVZGSUwwSkJVVVJCWjB0clRVRTRSMEV4VldSRmQwVkNDaTkzVVVaTlFVMUNRV1k0ZDBSUldVcExiMXBKYUhaalRrRlJSVXhDVVVGRVoyZEZRa0ZJTm5SU2IzSkZNRWxsSzAxV01WVldjR1V3ZWs1RE4zWlFRVVFLY1hONE5rZE1kM2x1VGt0MVpFSmFSMkUyY0d3emRtWjRhR0ZpYUdkSU5IRnlOMHcyY2poUFNFSmtjV3BCU0U1RVRIRXZRVmREV0dOdGNIVnFRblJ3ZVFwV1JrNWxkbkpsVlVodWVsQktUWEJTTWtWclNVNXpSRVJRTVd4SVRETkxZbll3VTIwMVNrNVZWM2xXZGs0dldGSk5XbWhEVmpKTVVEVTNUVkJ1YXpoTUNtWklWMUZwVm04d2JUaFhiMHdyWTNaV01tZFVWakY1VEVaMFQxYzNkMmxsSzI1a1UyaHZLMVZyTTJoMmVWZG9NbmRwS3pjMVRIRlJZV0ZwU0ZNMlNWZ0tiMk5yUVUwNWIzWTJaemxqWkhCdVoweE9jblkyTnpWak1tTlJUa0ZCVEhOWk5uWXdZa05WWjA5dE5WSXJUV1pOVTFOeFJERkhVMWxCY3pKRlV6QlVSd3BIYm5KaWJHWkJVMVZVV0N0cWFHZEZjR2xoWW1kMVJIY3plR1ZRVVM4eU1YUk1VblZIY1hCbFZqRTJaV1ZtV21vMWVGQlZSVlZwVkhneVNUMEtMUzB0TFMxRlRrUWdRMFZTVkVsR1NVTkJWRVV0TFMwdExRbz0nIC0tYXBpc2VydmVyLWVuZHBvaW50ICdodHRwczovLzhBRjUyRjNBODY3QTc3MTVBMkIzMjVGQzMwQUE3RjFFLnNrMS51cy1lYXN0LTEuZWtzLmFtYXpvbmF3cy5jb20nICAtLWt1YmVsZXQtZXh0cmEtYXJncyAiIiAneW1fY2x1c3Rlci1kZXZlbG9wbWVudC15bScKCiMgQWxsb3cgdXNlciBzdXBwbGllZCB1c2VyZGF0YSBjb2RlCgo=",
            "vpc_classic_link_id": "",
            "vpc_classic_link_security_groups": null
          },
          "sensitive_attributes": [],
          "private": "bnVsbA==",
          "dependencies": [
            "module.cluster.module.eks.aws_cloudwatch_log_group.this",
            "module.cluster.module.eks.aws_eks_cluster.this",
            "module.cluster.module.eks.aws_iam_instance_profile.workers",
            "module.cluster.module.eks.aws_iam_role.cluster",
            "module.cluster.module.eks.aws_iam_role.workers",
            "module.cluster.module.eks.aws_iam_role_policy_attachment.cluster_AmazonEKSClusterPolicy",
            "module.cluster.module.eks.aws_iam_role_policy_attachment.cluster_AmazonEKSServicePolicy",
            "module.cluster.module.eks.aws_iam_role_policy_attachment.cluster_AmazonEKSVPCResourceControllerPolicy",
            "module.cluster.module.eks.aws_iam_role_policy_attachment.workers_AmazonEC2ContainerRegistryReadOnly",
            "module.cluster.module.eks.aws_iam_role_policy_attachment.workers_AmazonEKSWorkerNodePolicy",
            "module.cluster.module.eks.aws_iam_role_policy_attachment.workers_AmazonEKS_CNI_Policy",
            "module.cluster.module.eks.aws_iam_role_policy_attachment.workers_additional_policies",
            "module.cluster.module.eks.aws_security_group.cluster",
            "module.cluster.module.eks.aws_security_group.workers",
            "module.cluster.module.eks.aws_security_group_rule.cluster_egress_internet",
            "module.cluster.module.eks.aws_security_group_rule.cluster_https_worker_ingress",
            "module.cluster.module.eks.aws_security_group_rule.cluster_primary_ingress_workers",
            "module.cluster.module.eks.aws_security_group_rule.workers_egress_internet",
            "module.cluster.module.eks.aws_security_group_rule.workers_ingress_cluster",
            "module.cluster.module.eks.aws_security_group_rule.workers_ingress_cluster_https",
            "module.cluster.module.eks.aws_security_group_rule.workers_ingress_cluster_kubelet",
            "module.cluster.module.eks.aws_security_group_rule.workers_ingress_cluster_primary",
            "module.cluster.module.eks.aws_security_group_rule.workers_ingress_self",
            "module.cluster.module.eks.data.aws_ami.eks_worker",
            "module.cluster.module.eks.data.aws_ami.eks_worker_windows",
            "module.cluster.module.eks.data.aws_iam_instance_profile.custom_worker_group_iam_instance_profile",
            "module.cluster.module.eks.data.aws_iam_policy_document.cluster_assume_role_policy",
            "module.cluster.module.eks.data.aws_iam_policy_document.workers_assume_role_policy",
            "module.cluster.module.eks.data.aws_iam_role.custom_cluster_iam_role",
            "module.cluster.module.eks.data.aws_partition.current",
            "module.vpc_network.aws_subnet.private_subnet-1",
            "module.vpc_network.aws_subnet.public_subnet-1",
            "module.vpc_network.aws_vpc.vpc_network"
          ],
          "create_before_destroy": true
        }
      ]
    },
    {
      "module": "module.cluster.module.eks",
      "mode": "managed",
      "type": "aws_security_group",
      "name": "cluster",
      "provider": "provider[\"registry.terraform.io/hashicorp/aws\"]",
      "instances": [
        {
          "index_key": 0,
          "schema_version": 1,
          "attributes": {
            "arn": "arn:aws:ec2:us-east-1:809411733541:security-group/sg-024572a3b9548ae9f",
            "description": "EKS cluster security group.",
            "egress": [],
            "id": "sg-024572a3b9548ae9f",
            "ingress": [],
            "name": "ym_cluster-development-ym20210704185739700000000003",
            "name_prefix": "ym_cluster-development-ym",
            "owner_id": "809411733541",
            "revoke_rules_on_delete": false,
            "tags": {
              "Name": "ym_cluster-development-ym-eks_cluster_sg"
            },
            "tags_all": {
              "Name": "ym_cluster-development-ym-eks_cluster_sg"
            },
            "timeouts": null,
            "vpc_id": "vpc-0a867ed2b1a794f79"
          },
          "sensitive_attributes": [],
          "private": "eyJlMmJmYjczMC1lY2FhLTExZTYtOGY4OC0zNDM2M2JjN2M0YzAiOnsiY3JlYXRlIjo2MDAwMDAwMDAwMDAsImRlbGV0ZSI6OTAwMDAwMDAwMDAwfSwic2NoZW1hX3ZlcnNpb24iOiIxIn0=",
          "dependencies": [
            "module.vpc_network.aws_vpc.vpc_network"
          ],
          "create_before_destroy": true
        }
      ]
    },
    {
      "module": "module.cluster.module.eks",
      "mode": "managed",
      "type": "aws_security_group",
      "name": "workers",
      "provider": "provider[\"registry.terraform.io/hashicorp/aws\"]",
      "instances": [
        {
          "index_key": 0,
          "schema_version": 1,
          "attributes": {
            "arn": "arn:aws:ec2:us-east-1:809411733541:security-group/sg-0aa4b1f644f284e45",
            "description": "Security group for all nodes in the cluster.",
            "egress": [],
            "id": "sg-0aa4b1f644f284e45",
            "ingress": [],
            "name": "ym_cluster-development-ym20210704185739699100000002",
            "name_prefix": "ym_cluster-development-ym",
            "owner_id": "809411733541",
            "revoke_rules_on_delete": false,
            "tags": {
              "Name": "ym_cluster-development-ym-eks_worker_sg",
              "kubernetes.io/cluster/ym_cluster-development-ym": "owned"
            },
            "tags_all": {
              "Name": "ym_cluster-development-ym-eks_worker_sg",
              "kubernetes.io/cluster/ym_cluster-development-ym": "owned"
            },
            "timeouts": null,
            "vpc_id": "vpc-0a867ed2b1a794f79"
          },
          "sensitive_attributes": [],
          "private": "eyJlMmJmYjczMC1lY2FhLTExZTYtOGY4OC0zNDM2M2JjN2M0YzAiOnsiY3JlYXRlIjo2MDAwMDAwMDAwMDAsImRlbGV0ZSI6OTAwMDAwMDAwMDAwfSwic2NoZW1hX3ZlcnNpb24iOiIxIn0=",
          "dependencies": [
            "module.vpc_network.aws_vpc.vpc_network"
          ],
          "create_before_destroy": true
        }
      ]
    },
    {
      "module": "module.cluster.module.eks",
      "mode": "managed",
      "type": "aws_security_group_rule",
      "name": "cluster_egress_internet",
      "provider": "provider[\"registry.terraform.io/hashicorp/aws\"]",
      "instances": [
        {
          "index_key": 0,
          "schema_version": 2,
          "attributes": {
            "cidr_blocks": [
              "0.0.0.0/0"
            ],
            "description": "Allow cluster egress access to the Internet.",
            "from_port": 0,
            "id": "sgrule-1112295588",
            "ipv6_cidr_blocks": null,
            "prefix_list_ids": null,
            "protocol": "-1",
            "security_group_id": "sg-024572a3b9548ae9f",
            "self": false,
            "source_security_group_id": null,
            "to_port": 0,
            "type": "egress"
          },
          "sensitive_attributes": [],
          "private": "eyJzY2hlbWFfdmVyc2lvbiI6IjIifQ==",
          "dependencies": [
            "module.cluster.module.eks.aws_security_group.cluster",
            "module.vpc_network.aws_vpc.vpc_network"
          ],
          "create_before_destroy": true
        }
      ]
    },
    {
      "module": "module.cluster.module.eks",
      "mode": "managed",
      "type": "aws_security_group_rule",
      "name": "cluster_https_worker_ingress",
      "provider": "provider[\"registry.terraform.io/hashicorp/aws\"]",
      "instances": [
        {
          "index_key": 0,
          "schema_version": 2,
          "attributes": {
            "cidr_blocks": null,
            "description": "Allow pods to communicate with the EKS cluster API.",
            "from_port": 443,
            "id": "sgrule-1196979619",
            "ipv6_cidr_blocks": null,
            "prefix_list_ids": null,
            "protocol": "tcp",
            "security_group_id": "sg-024572a3b9548ae9f",
            "self": false,
            "source_security_group_id": "sg-0aa4b1f644f284e45",
            "to_port": 443,
            "type": "ingress"
          },
          "sensitive_attributes": [],
          "private": "eyJzY2hlbWFfdmVyc2lvbiI6IjIifQ==",
          "dependencies": [
            "module.cluster.module.eks.aws_security_group.cluster",
            "module.cluster.module.eks.aws_security_group.workers",
            "module.vpc_network.aws_vpc.vpc_network"
          ],
          "create_before_destroy": true
        }
      ]
    },
    {
      "module": "module.cluster.module.eks",
      "mode": "managed",
      "type": "aws_security_group_rule",
      "name": "workers_egress_internet",
      "provider": "provider[\"registry.terraform.io/hashicorp/aws\"]",
      "instances": [
        {
          "index_key": 0,
          "schema_version": 2,
          "attributes": {
            "cidr_blocks": [
              "0.0.0.0/0"
            ],
            "description": "Allow nodes all egress to the Internet.",
            "from_port": 0,
            "id": "sgrule-2242918885",
            "ipv6_cidr_blocks": null,
            "prefix_list_ids": null,
            "protocol": "-1",
            "security_group_id": "sg-0aa4b1f644f284e45",
            "self": false,
            "source_security_group_id": null,
            "to_port": 0,
            "type": "egress"
          },
          "sensitive_attributes": [],
          "private": "eyJzY2hlbWFfdmVyc2lvbiI6IjIifQ==",
          "dependencies": [
            "module.cluster.module.eks.aws_security_group.workers",
            "module.vpc_network.aws_vpc.vpc_network"
          ],
          "create_before_destroy": true
        }
      ]
    },
    {
      "module": "module.cluster.module.eks",
      "mode": "managed",
      "type": "aws_security_group_rule",
      "name": "workers_ingress_cluster",
      "provider": "provider[\"registry.terraform.io/hashicorp/aws\"]",
      "instances": [
        {
          "index_key": 0,
          "schema_version": 2,
          "attributes": {
            "cidr_blocks": null,
            "description": "Allow workers pods to receive communication from the cluster control plane.",
            "from_port": 1025,
            "id": "sgrule-2835244192",
            "ipv6_cidr_blocks": null,
            "prefix_list_ids": null,
            "protocol": "tcp",
            "security_group_id": "sg-0aa4b1f644f284e45",
            "self": false,
            "source_security_group_id": "sg-024572a3b9548ae9f",
            "to_port": 65535,
            "type": "ingress"
          },
          "sensitive_attributes": [],
          "private": "eyJzY2hlbWFfdmVyc2lvbiI6IjIifQ==",
          "dependencies": [
            "module.cluster.module.eks.aws_security_group.cluster",
            "module.cluster.module.eks.aws_security_group.workers",
            "module.vpc_network.aws_vpc.vpc_network"
          ],
          "create_before_destroy": true
        }
      ]
    },
    {
      "module": "module.cluster.module.eks",
      "mode": "managed",
      "type": "aws_security_group_rule",
      "name": "workers_ingress_cluster_https",
      "provider": "provider[\"registry.terraform.io/hashicorp/aws\"]",
      "instances": [
        {
          "index_key": 0,
          "schema_version": 2,
          "attributes": {
            "cidr_blocks": null,
            "description": "Allow pods running extension API servers on port 443 to receive communication from cluster control plane.",
            "from_port": 443,
            "id": "sgrule-2773161220",
            "ipv6_cidr_blocks": null,
            "prefix_list_ids": null,
            "protocol": "tcp",
            "security_group_id": "sg-0aa4b1f644f284e45",
            "self": false,
            "source_security_group_id": "sg-024572a3b9548ae9f",
            "to_port": 443,
            "type": "ingress"
          },
          "sensitive_attributes": [],
          "private": "eyJzY2hlbWFfdmVyc2lvbiI6IjIifQ==",
          "dependencies": [
            "module.cluster.module.eks.aws_security_group.cluster",
            "module.cluster.module.eks.aws_security_group.workers",
            "module.vpc_network.aws_vpc.vpc_network"
          ],
          "create_before_destroy": true
        }
      ]
    },
    {
      "module": "module.cluster.module.eks",
      "mode": "managed",
      "type": "aws_security_group_rule",
      "name": "workers_ingress_self",
      "provider": "provider[\"registry.terraform.io/hashicorp/aws\"]",
      "instances": [
        {
          "index_key": 0,
          "schema_version": 2,
          "attributes": {
            "cidr_blocks": null,
            "description": "Allow node to communicate with each other.",
            "from_port": 0,
            "id": "sgrule-1559689279",
            "ipv6_cidr_blocks": null,
            "prefix_list_ids": null,
            "protocol": "-1",
            "security_group_id": "sg-0aa4b1f644f284e45",
            "self": false,
            "source_security_group_id": "sg-0aa4b1f644f284e45",
            "to_port": 65535,
            "type": "ingress"
          },
          "sensitive_attributes": [],
          "private": "eyJzY2hlbWFfdmVyc2lvbiI6IjIifQ==",
          "dependencies": [
            "module.cluster.module.eks.aws_security_group.workers",
            "module.vpc_network.aws_vpc.vpc_network"
          ],
          "create_before_destroy": true
        }
      ]
    },
    {
      "module": "module.cluster.module.eks",
      "mode": "managed",
      "type": "kubernetes_config_map",
      "name": "aws_auth",
      "provider": "module.cluster.provider[\"registry.terraform.io/hashicorp/kubernetes\"]",
      "instances": [
        {
          "index_key": 0,
          "schema_version": 0,
          "attributes": {
            "binary_data": null,
            "data": {
              "mapAccounts": "[]\n",
              "mapRoles": "- \"groups\":\n  - \"system:bootstrappers\"\n  - \"system:nodes\"\n  \"rolearn\": \"arn:aws:iam::809411733541:role/ym_cluster-development-ym20210704190952191900000009\"\n  \"username\": \"system:node:{{EC2PrivateDNSName}}\"\n",
              "mapUsers": "[]\n"
            },
            "id": "kube-system/aws-auth",
            "metadata": [
              {
                "annotations": null,
                "generate_name": "",
                "generation": 0,
                "labels": {
                  "app.kubernetes.io/managed-by": "Terraform",
                  "terraform.io/module": "terraform-aws-modules.eks.aws"
                },
                "name": "aws-auth",
                "namespace": "kube-system",
                "resource_version": "1128",
                "uid": "f421ad65-7d3e-4aa7-ab45-893378f6f7b0"
              }
            ]
          },
          "sensitive_attributes": [],
          "private": "bnVsbA==",
          "dependencies": [
            "module.cluster.data.aws_eks_cluster.cluster",
            "module.cluster.data.aws_eks_cluster_auth.cluster",
            "module.cluster.module.eks.aws_cloudwatch_log_group.this",
            "module.cluster.module.eks.aws_eks_cluster.this",
            "module.cluster.module.eks.aws_iam_instance_profile.workers",
            "module.cluster.module.eks.aws_iam_instance_profile.workers_launch_template",
            "module.cluster.module.eks.aws_iam_role.cluster",
            "module.cluster.module.eks.aws_iam_role.workers",
            "module.cluster.module.eks.aws_iam_role_policy_attachment.cluster_AmazonEKSClusterPolicy",
            "module.cluster.module.eks.aws_iam_role_policy_attachment.cluster_AmazonEKSServicePolicy",
            "module.cluster.module.eks.aws_iam_role_policy_attachment.cluster_AmazonEKSVPCResourceControllerPolicy",
            "module.cluster.module.eks.aws_security_group.cluster",
            "module.cluster.module.eks.aws_security_group.workers",
            "module.cluster.module.eks.aws_security_group_rule.cluster_egress_internet",
            "module.cluster.module.eks.aws_security_group_rule.cluster_https_worker_ingress",
            "module.cluster.module.eks.aws_security_group_rule.cluster_private_access_cidrs_source",
            "module.cluster.module.eks.aws_security_group_rule.cluster_private_access_sg_source",
            "module.cluster.module.eks.data.aws_ami.eks_worker",
            "module.cluster.module.eks.data.aws_ami.eks_worker_windows",
            "module.cluster.module.eks.data.aws_caller_identity.current",
            "module.cluster.module.eks.data.aws_iam_instance_profile.custom_worker_group_iam_instance_profile",
            "module.cluster.module.eks.data.aws_iam_instance_profile.custom_worker_group_launch_template_iam_instance_profile",
            "module.cluster.module.eks.data.aws_iam_policy_document.cluster_assume_role_policy",
            "module.cluster.module.eks.data.aws_iam_policy_document.workers_assume_role_policy",
            "module.cluster.module.eks.data.aws_iam_role.custom_cluster_iam_role",
            "module.cluster.module.eks.data.aws_partition.current",
            "module.cluster.module.eks.data.http.wait_for_cluster",
            "module.cluster.module.eks.module.fargate.aws_iam_role.eks_fargate_pod",
            "module.cluster.module.eks.module.fargate.data.aws_iam_role.custom_fargate_iam_role",
            "module.vpc_network.aws_subnet.private_subnet-1",
            "module.vpc_network.aws_subnet.public_subnet-1",
            "module.vpc_network.aws_vpc.vpc_network"
          ]
        }
      ]
    },
    {
      "module": "module.cluster.module.eks",
      "mode": "managed",
      "type": "local_file",
      "name": "kubeconfig",
      "provider": "provider[\"registry.terraform.io/hashicorp/local\"]",
      "instances": [
        {
          "index_key": 0,
          "schema_version": 0,
          "attributes": {
            "content": "apiVersion: v1\npreferences: {}\nkind: Config\n\nclusters:\n- cluster:\n    server: https://8AF52F3A867A7715A2B325FC30AA7F1E.sk1.us-east-1.eks.amazonaws.com\n    certificate-authority-data: LS0tLS1CRUdJTiBDRVJUSUZJQ0FURS0tLS0tCk1JSUN5RENDQWJDZ0F3SUJBZ0lCQURBTkJna3Foa2lHOXcwQkFRc0ZBREFWTVJNd0VRWURWUVFERXdwcmRXSmwKY201bGRHVnpNQjRYRFRJeE1EY3dOREU1TURRMU1sb1hEVE14TURjd01qRTVNRFExTWxvd0ZURVRNQkVHQTFVRQpBeE1LYTNWaVpYSnVaWFJsY3pDQ0FTSXdEUVlKS29aSWh2Y05BUUVCQlFBRGdnRVBBRENDQVFvQ2dnRUJBTXg3ClRxam5Lamt4TzBKQWlRbFI0d3RWczhzK1dmQVFBZTg1ZEttV2hPVUtWYVZ2M2JwaDhMYmZZVFVjb1JsZitBOVkKVVYxa0JQZi93NkhlcHo1OVFINkZFeWJIbzZEenlvOUU2Rmw2ZnQvQ21NTjVRUWl2K3IyMHFXUWFucmxKQ25YaApaZnRYellXcUhjbERLWmRUYXRDbTVzT09JdEZJR2pGT1ZUNEh3QU9sSUxhNm9NUkNOSGhZaDFreXFhbjFTREVCCkpiSTZaNURRL2RWUi9jb1JqR1UxcDM1dVVTWHBTSElyaG10OCtyZEZ3bTRJNE1Cb2I4VkJ5eWlOVW9XYm9QUTQKdjRnbUdQT0F6UVRaYWxKcGlIcUJFNGJLR2IvVzhBV0Z2NVNvQVpndzdDeTdqbmlvbUNEWURkcTY3WVcvbWNwaApmTFRzZjNjNnROcXRlOWhmdU0wQ0F3RUFBYU1qTUNFd0RnWURWUjBQQVFIL0JBUURBZ0trTUE4R0ExVWRFd0VCCi93UUZNQU1CQWY4d0RRWUpLb1pJaHZjTkFRRUxCUUFEZ2dFQkFINnRSb3JFMEllK01WMVVWcGUwek5DN3ZQQUQKcXN4NkdMd3luTkt1ZEJaR2E2cGwzdmZ4aGFiaGdINHFyN0w2cjhPSEJkcWpBSE5ETHEvQVdDWGNtcHVqQnRweQpWRk5ldnJlVUhuelBKTXBSMkVrSU5zRERQMWxITDNLYnYwU201Sk5VV3lWdk4vWFJNWmhDVjJMUDU3TVBuazhMCmZIV1FpVm8wbThXb0wrY3ZWMmdUVjF5TEZ0T1c3d2llK25kU2hvK1VrM2h2eVdoMndpKzc1THFRYWFpSFM2SVgKb2NrQU05b3Y2ZzljZHBuZ0xOcnY2NzVjMmNRTkFBTHNZNnYwYkNVZ09tNVIrTWZNU1NxRDFHU1lBczJFUzBURwpHbnJibGZBU1VUWCtqaGdFcGlhYmd1RHczeGVQUS8yMXRMUnVHcXBlVjE2ZWVmWmo1eFBVRVVpVHgyST0KLS0tLS1FTkQgQ0VSVElGSUNBVEUtLS0tLQo=\n  name: eks_ym_cluster-development-ym\n\ncontexts:\n- context:\n    cluster: eks_ym_cluster-development-ym\n    user: eks_ym_cluster-development-ym\n  name: eks_ym_cluster-development-ym\n\ncurrent-context: eks_ym_cluster-development-ym\n\nusers:\n- name: eks_ym_cluster-development-ym\n  user:\n    exec:\n      apiVersion: client.authentication.k8s.io/v1alpha1\n      command: aws-iam-authenticator\n      args:\n        - \"token\"\n        - \"-i\"\n        - \"ym_cluster-development-ym\"\n",
            "content_base64": null,
            "directory_permission": "0755",
            "file_permission": "0600",
            "filename": "./kubeconfig_ym_cluster-development-ym",
            "id": "4e66c10242a73ac4802d446c13d899469f76ec1b",
            "sensitive_content": null,
            "source": null
          },
          "sensitive_attributes": [],
          "private": "bnVsbA==",
          "dependencies": [
            "module.cluster.module.eks.aws_cloudwatch_log_group.this",
            "module.cluster.module.eks.aws_eks_cluster.this",
            "module.cluster.module.eks.aws_iam_role.cluster",
            "module.cluster.module.eks.aws_iam_role_policy_attachment.cluster_AmazonEKSClusterPolicy",
            "module.cluster.module.eks.aws_iam_role_policy_attachment.cluster_AmazonEKSServicePolicy",
            "module.cluster.module.eks.aws_iam_role_policy_attachment.cluster_AmazonEKSVPCResourceControllerPolicy",
            "module.cluster.module.eks.aws_security_group.cluster",
            "module.cluster.module.eks.aws_security_group.workers",
            "module.cluster.module.eks.aws_security_group_rule.cluster_egress_internet",
            "module.cluster.module.eks.aws_security_group_rule.cluster_https_worker_ingress",
            "module.cluster.module.eks.data.aws_iam_policy_document.cluster_assume_role_policy",
            "module.cluster.module.eks.data.aws_iam_role.custom_cluster_iam_role",
            "module.cluster.module.eks.data.aws_partition.current",
            "module.vpc_network.aws_subnet.private_subnet-1",
            "module.vpc_network.aws_subnet.public_subnet-1",
            "module.vpc_network.aws_vpc.vpc_network"
          ]
        }
      ]
    },
    {
      "module": "module.vpc_network",
      "mode": "managed",
      "type": "aws_eip",
      "name": "nat_gateway_eip",
      "provider": "provider[\"registry.terraform.io/hashicorp/aws\"]",
      "instances": [
        {
          "schema_version": 0,
          "attributes": {
            "address": null,
            "allocation_id": null,
            "associate_with_private_ip": null,
            "association_id": "eipassoc-0a8654b91e1454689",
            "carrier_ip": "",
            "customer_owned_ip": "",
            "customer_owned_ipv4_pool": "",
            "domain": "vpc",
            "id": "eipalloc-05a583599251effb8",
            "instance": "",
            "network_border_group": "us-east-1",
            "network_interface": "eni-0ac89cd7ccf4e8166",
            "private_dns": "ip-10-0-1-154.ec2.internal",
            "private_ip": "10.0.1.154",
            "public_dns": "ec2-52-1-150-33.compute-1.amazonaws.com",
            "public_ip": "52.1.150.33",
            "public_ipv4_pool": "amazon",
            "tags": {
              "Name": "nat_gateway_eip-development-ym"
            },
            "tags_all": {
              "Name": "nat_gateway_eip-development-ym"
            },
            "timeouts": null,
            "vpc": true
          },
          "sensitive_attributes": [],
          "private": "eyJlMmJmYjczMC1lY2FhLTExZTYtOGY4OC0zNDM2M2JjN2M0YzAiOnsiZGVsZXRlIjoxODAwMDAwMDAwMDAsInJlYWQiOjkwMDAwMDAwMDAwMCwidXBkYXRlIjozMDAwMDAwMDAwMDB9fQ==",
          "dependencies": [
            "module.vpc_network.aws_internet_gateway.internet_gateway",
            "module.vpc_network.aws_route_table.internet_gateway_route",
            "module.vpc_network.aws_route_table_association.internet_gateway_route_association",
            "module.vpc_network.aws_subnet.private_subnet-1",
            "module.vpc_network.aws_subnet.public_subnet-1",
            "module.vpc_network.aws_vpc.vpc_network"
          ]
        }
      ]
    },
    {
      "module": "module.vpc_network",
      "mode": "managed",
      "type": "aws_internet_gateway",
      "name": "internet_gateway",
      "provider": "provider[\"registry.terraform.io/hashicorp/aws\"]",
      "instances": [
        {
          "schema_version": 0,
          "attributes": {
            "arn": "arn:aws:ec2:us-east-1:809411733541:internet-gateway/igw-084b17349ef9a00a1",
            "id": "igw-084b17349ef9a00a1",
            "owner_id": "809411733541",
            "tags": {
              "Name": "internet_gateway-development-ym"
            },
            "tags_all": {
              "Name": "internet_gateway-development-ym"
            },
            "vpc_id": "vpc-0a867ed2b1a794f79"
          },
          "sensitive_attributes": [],
          "private": "bnVsbA==",
          "dependencies": [
            "module.vpc_network.aws_subnet.private_subnet-1",
            "module.vpc_network.aws_subnet.public_subnet-1",
            "module.vpc_network.aws_vpc.vpc_network"
          ]
        }
      ]
    },
    {
      "module": "module.vpc_network",
      "mode": "managed",
      "type": "aws_nat_gateway",
      "name": "nat_gateway",
      "provider": "provider[\"registry.terraform.io/hashicorp/aws\"]",
      "instances": [
        {
          "schema_version": 0,
          "attributes": {
            "allocation_id": "eipalloc-05a583599251effb8",
            "connectivity_type": "public",
            "id": "nat-036b8bf32c3a0957a",
            "network_interface_id": "eni-0ac89cd7ccf4e8166",
            "private_ip": "10.0.1.154",
            "public_ip": "52.1.150.33",
            "subnet_id": "subnet-01294bdda20dd3aba",
            "tags": {
              "Name": "nat_gateway-development-ym"
            },
            "tags_all": {
              "Name": "nat_gateway-development-ym"
            }
          },
          "sensitive_attributes": [],
          "private": "bnVsbA==",
          "dependencies": [
            "module.vpc_network.aws_eip.nat_gateway_eip",
            "module.vpc_network.aws_internet_gateway.internet_gateway",
            "module.vpc_network.aws_route_table.internet_gateway_route",
            "module.vpc_network.aws_route_table_association.internet_gateway_route_association",
            "module.vpc_network.aws_subnet.private_subnet-1",
            "module.vpc_network.aws_subnet.public_subnet-1",
            "module.vpc_network.aws_vpc.vpc_network"
          ]
        }
      ]
    },
    {
      "module": "module.vpc_network",
      "mode": "managed",
      "type": "aws_route_table",
      "name": "internet_gateway_route",
      "provider": "provider[\"registry.terraform.io/hashicorp/aws\"]",
      "instances": [
        {
          "schema_version": 0,
          "attributes": {
            "arn": "arn:aws:ec2:us-east-1:809411733541:route-table/rtb-0e7ca74076f9d25ed",
            "id": "rtb-0e7ca74076f9d25ed",
            "owner_id": "809411733541",
            "propagating_vgws": [],
            "route": [
              {
                "carrier_gateway_id": "",
                "cidr_block": "0.0.0.0/0",
                "destination_prefix_list_id": "",
                "egress_only_gateway_id": "",
                "gateway_id": "igw-084b17349ef9a00a1",
                "instance_id": "",
                "ipv6_cidr_block": "",
                "local_gateway_id": "",
                "nat_gateway_id": "",
                "network_interface_id": "",
                "transit_gateway_id": "",
                "vpc_endpoint_id": "",
                "vpc_peering_connection_id": ""
              }
            ],
            "tags": {
              "Name": "internet_gateway_route-development-ym"
            },
            "tags_all": {
              "Name": "internet_gateway_route-development-ym"
            },
            "vpc_id": "vpc-0a867ed2b1a794f79"
          },
          "sensitive_attributes": [],
          "private": "bnVsbA==",
          "dependencies": [
            "module.vpc_network.aws_vpc.vpc_network",
            "module.vpc_network.aws_internet_gateway.internet_gateway",
            "module.vpc_network.aws_subnet.private_subnet-1",
            "module.vpc_network.aws_subnet.public_subnet-1"
          ]
        }
      ]
    },
    {
      "module": "module.vpc_network",
      "mode": "managed",
      "type": "aws_route_table",
      "name": "nat_gateway_route",
      "provider": "provider[\"registry.terraform.io/hashicorp/aws\"]",
      "instances": [
        {
          "schema_version": 0,
          "attributes": {
            "arn": "arn:aws:ec2:us-east-1:809411733541:route-table/rtb-0a1c954db94208163",
            "id": "rtb-0a1c954db94208163",
            "owner_id": "809411733541",
            "propagating_vgws": [],
            "route": [
              {
                "carrier_gateway_id": "",
                "cidr_block": "0.0.0.0/0",
                "destination_prefix_list_id": "",
                "egress_only_gateway_id": "",
                "gateway_id": "",
                "instance_id": "",
                "ipv6_cidr_block": "",
                "local_gateway_id": "",
                "nat_gateway_id": "nat-036b8bf32c3a0957a",
                "network_interface_id": "",
                "transit_gateway_id": "",
                "vpc_endpoint_id": "",
                "vpc_peering_connection_id": ""
              }
            ],
            "tags": {
              "Name": "nat_gateway_route-development-ym"
            },
            "tags_all": {
              "Name": "nat_gateway_route-development-ym"
            },
            "vpc_id": "vpc-0a867ed2b1a794f79"
          },
          "sensitive_attributes": [],
          "private": "bnVsbA==",
          "dependencies": [
            "module.vpc_network.aws_subnet.private_subnet-1",
            "module.vpc_network.aws_subnet.public_subnet-1",
            "module.vpc_network.aws_vpc.vpc_network",
            "module.vpc_network.aws_eip.nat_gateway_eip",
            "module.vpc_network.aws_internet_gateway.internet_gateway",
            "module.vpc_network.aws_nat_gateway.nat_gateway",
            "module.vpc_network.aws_route_table.internet_gateway_route",
            "module.vpc_network.aws_route_table_association.internet_gateway_route_association"
          ]
        }
      ]
    },
    {
      "module": "module.vpc_network",
      "mode": "managed",
      "type": "aws_route_table_association",
      "name": "internet_gateway_route_association",
      "provider": "provider[\"registry.terraform.io/hashicorp/aws\"]",
      "instances": [
        {
          "schema_version": 0,
          "attributes": {
            "gateway_id": "",
            "id": "rtbassoc-0c7d5a1d8f6b4e82c",
            "route_table_id": "rtb-0e7ca74076f9d25ed",
            "subnet_id": "subnet-01294bdda20dd3aba"
          },
          "sensitive_attributes": [],
          "private": "bnVsbA==",
          "dependencies": [
            "module.vpc_network.aws_internet_gateway.internet_gateway",
            "module.vpc_network.aws_route_table.internet_gateway_route",
            "module.vpc_network.aws_subnet.private_subnet-1",
            "module.vpc_network.aws_subnet.public_subnet-1",
            "module.vpc_network.aws_vpc.vpc_network"
          ]
        }
      ]
    },
    {
      "module": "module.vpc_network",
      "mode": "managed",
      "type": "aws_route_table_association",
      "name": "nat_gateway_route_association",
      "provider": "provider[\"registry.terraform.io/hashicorp/aws\"]",
      "instances": [
        {
          "schema_version": 0,
          "attributes": {
            "gateway_id": "",
            "id": "rtbassoc-00896181c6c94e9af",
            "route_table_id": "rtb-0a1c954db94208163",
            "subnet_id": "subnet-06ef944093a93b719"
          },
          "sensitive_attributes": [],
          "private": "bnVsbA==",
          "dependencies": [
            "module.vpc_network.aws_nat_gateway.nat_gateway",
            "module.vpc_network.aws_route_table.internet_gateway_route",
            "module.vpc_network.aws_route_table.nat_gateway_route",
            "module.vpc_network.aws_subnet.private_subnet-1",
            "module.vpc_network.aws_vpc.vpc_network",
            "module.vpc_network.aws_eip.nat_gateway_eip",
            "module.vpc_network.aws_internet_gateway.internet_gateway",
            "module.vpc_network.aws_route_table_association.internet_gateway_route_association",
            "module.vpc_network.aws_subnet.public_subnet-1"
          ]
        }
      ]
    },
    {
      "module": "module.vpc_network",
      "mode": "managed",
      "type": "aws_subnet",
      "name": "private_subnet-1",
      "provider": "provider[\"registry.terraform.io/hashicorp/aws\"]",
      "instances": [
        {
          "schema_version": 1,
          "attributes": {
            "arn": "arn:aws:ec2:us-east-1:809411733541:subnet/subnet-06ef944093a93b719",
            "assign_ipv6_address_on_creation": false,
            "availability_zone": "us-east-1b",
            "availability_zone_id": "use1-az2",
            "cidr_block": "10.0.2.0/24",
            "customer_owned_ipv4_pool": "",
            "id": "subnet-06ef944093a93b719",
            "ipv6_cidr_block": "",
            "ipv6_cidr_block_association_id": "",
            "map_customer_owned_ip_on_launch": false,
            "map_public_ip_on_launch": false,
            "outpost_arn": "",
            "owner_id": "809411733541",
            "tags": {
              "Name": "private_subnet-2-development-ym"
            },
            "tags_all": {
              "Name": "private_subnet-2-development-ym"
            },
            "timeouts": null,
            "vpc_id": "vpc-0a867ed2b1a794f79"
          },
          "sensitive_attributes": [],
          "private": "eyJlMmJmYjczMC1lY2FhLTExZTYtOGY4OC0zNDM2M2JjN2M0YzAiOnsiY3JlYXRlIjo2MDAwMDAwMDAwMDAsImRlbGV0ZSI6MTIwMDAwMDAwMDAwMH0sInNjaGVtYV92ZXJzaW9uIjoiMSJ9",
          "dependencies": [
            "module.vpc_network.aws_vpc.vpc_network"
          ],
          "create_before_destroy": true
        }
      ]
    },
    {
      "module": "module.vpc_network",
      "mode": "managed",
      "type": "aws_subnet",
      "name": "public_subnet-1",
      "provider": "provider[\"registry.terraform.io/hashicorp/aws\"]",
      "instances": [
        {
          "schema_version": 1,
          "attributes": {
            "arn": "arn:aws:ec2:us-east-1:809411733541:subnet/subnet-01294bdda20dd3aba",
            "assign_ipv6_address_on_creation": false,
            "availability_zone": "us-east-1a",
            "availability_zone_id": "use1-az1",
            "cidr_block": "10.0.1.0/24",
            "customer_owned_ipv4_pool": "",
            "id": "subnet-01294bdda20dd3aba",
            "ipv6_cidr_block": "",
            "ipv6_cidr_block_association_id": "",
            "map_customer_owned_ip_on_launch": false,
            "map_public_ip_on_launch": true,
            "outpost_arn": "",
            "owner_id": "809411733541",
            "tags": {
              "Name": "public_subnet-1-development-ym"
            },
            "tags_all": {
              "Name": "public_subnet-1-development-ym"
            },
            "timeouts": null,
            "vpc_id": "vpc-0a867ed2b1a794f79"
          },
          "sensitive_attributes": [],
          "private": "eyJlMmJmYjczMC1lY2FhLTExZTYtOGY4OC0zNDM2M2JjN2M0YzAiOnsiY3JlYXRlIjo2MDAwMDAwMDAwMDAsImRlbGV0ZSI6MTIwMDAwMDAwMDAwMH0sInNjaGVtYV92ZXJzaW9uIjoiMSJ9",
          "dependencies": [
            "module.vpc_network.aws_vpc.vpc_network"
          ],
          "create_before_destroy": true
        }
      ]
    },
    {
      "module": "module.vpc_network",
      "mode": "managed",
      "type": "aws_vpc",
      "name": "vpc_network",
      "provider": "provider[\"registry.terraform.io/hashicorp/aws\"]",
      "instances": [
        {
          "schema_version": 1,
          "attributes": {
            "arn": "arn:aws:ec2:us-east-1:809411733541:vpc/vpc-0a867ed2b1a794f79",
            "assign_generated_ipv6_cidr_block": false,
            "cidr_block": "10.0.0.0/16",
            "default_network_acl_id": "acl-09328f321dce54726",
            "default_route_table_id": "rtb-0c31b6e3f1a7d34f5",
            "default_security_group_id": "sg-090e346ef257ef07e",
            "dhcp_options_id": "dopt-05296798be9ead788",
            "enable_classiclink": false,
            "enable_classiclink_dns_support": false,
            "enable_dns_hostnames": true,
            "enable_dns_support": true,
            "id": "vpc-0a867ed2b1a794f79",
            "instance_tenancy": "default",
            "ipv6_association_id": "",
            "ipv6_cidr_block": "",
            "main_route_table_id": "rtb-0c31b6e3f1a7d34f5",
            "owner_id": "809411733541",
            "tags": {
              "Name": "vpc-development-ym"
            },
            "tags_all": {
              "Name": "vpc-development-ym"
            }
          },
          "sensitive_attributes": [],
          "private": "eyJzY2hlbWFfdmVyc2lvbiI6IjEifQ==",
          "create_before_destroy": true
        }
      ]
    }
  ]
}
